// !$*UTF8*$!
{
	archiveVersion = 1;
	classes = {
	};
	objectVersion = 46;
	objects = {

/* Begin PBXBuildFile section */
		C95A284F19B12F5400535906 /* Cedar-iOS.framework in Frameworks */ = {isa = PBXBuildFile; fileRef = C95A284E19B12F5400535906 /* Cedar-iOS.framework */; };
		C95A286A19B137FB00535906 /* Foundation.framework in Frameworks */ = {isa = PBXBuildFile; fileRef = C9A2B39A19AFA66100662321 /* Foundation.framework */; };
		C95A286B19B137FB00535906 /* CoreGraphics.framework in Frameworks */ = {isa = PBXBuildFile; fileRef = C9A2B3CB19AFA9D500662321 /* CoreGraphics.framework */; };
		C95A286C19B137FB00535906 /* UIKit.framework in Frameworks */ = {isa = PBXBuildFile; fileRef = C9A2BC3119AFC93800662321 /* UIKit.framework */; };
		C95A287219B137FB00535906 /* InfoPlist.strings in Resources */ = {isa = PBXBuildFile; fileRef = C95A287019B137FB00535906 /* InfoPlist.strings */; };
		C95A287419B137FB00535906 /* main.m in Sources */ = {isa = PBXBuildFile; fileRef = C95A287319B137FB00535906 /* main.m */; };
		C95A287819B137FB00535906 /* BUGAppDelegate.m in Sources */ = {isa = PBXBuildFile; fileRef = C95A287719B137FB00535906 /* BUGAppDelegate.m */; };
		C95A287A19B137FB00535906 /* Images.xcassets in Resources */ = {isa = PBXBuildFile; fileRef = C95A287919B137FB00535906 /* Images.xcassets */; };
		C95A289719B138AE00535906 /* BUGDemoViewController.m in Sources */ = {isa = PBXBuildFile; fileRef = C95A289519B138AE00535906 /* BUGDemoViewController.m */; };
		C95A289819B138AE00535906 /* BUGDemoViewController.xib in Resources */ = {isa = PBXBuildFile; fileRef = C95A289619B138AE00535906 /* BUGDemoViewController.xib */; };
		C95A289A19B13D3A00535906 /* libz.dylib in Frameworks */ = {isa = PBXBuildFile; fileRef = C9A2BC3319AFC96600662321 /* libz.dylib */; };
		C9710F3719AFF69F009173DE /* libz.dylib in Frameworks */ = {isa = PBXBuildFile; fileRef = C9A2BC3319AFC96600662321 /* libz.dylib */; };
		C9710F3A19AFF88D009173DE /* BUGWackerViewControllerSpec.mm in Sources */ = {isa = PBXBuildFile; fileRef = C9710F3919AFF88D009173DE /* BUGWackerViewControllerSpec.mm */; settings = {COMPILER_FLAGS = "-fno-objc-arc"; }; };
		C9710F4919B0ED3F009173DE /* UIView+Spec.m in Sources */ = {isa = PBXBuildFile; fileRef = C9710F4819B0ED3F009173DE /* UIView+Spec.m */; };
		C9710F4D19B0F8AB009173DE /* UIAlertView+Spec.m in Sources */ = {isa = PBXBuildFile; fileRef = C9710F4C19B0F8AB009173DE /* UIAlertView+Spec.m */; };
		C9710F5119B11BC6009173DE /* BUGPivotalTrackerInterface+Spec.m in Sources */ = {isa = PBXBuildFile; fileRef = C9710F5019B11BC6009173DE /* BUGPivotalTrackerInterface+Spec.m */; };
		C9710F5419B11CC6009173DE /* JRSwizzle.m in Sources */ = {isa = PBXBuildFile; fileRef = C9710F5319B11CC6009173DE /* JRSwizzle.m */; };
		C99EEBCF19B64A830039B82D /* BUGWackerViewController.xib in Resources */ = {isa = PBXBuildFile; fileRef = C9A2B42419AFAF0200662321 /* BUGWackerViewController.xib */; };
		C99EEBD219B658EF0039B82D /* BUGWackerViewController.m in Sources */ = {isa = PBXBuildFile; fileRef = C9A2B42319AFAF0200662321 /* BUGWackerViewController.m */; };
		C99EEBD319B6590C0039B82D /* BUGPivotalTrackerInterface.m in Sources */ = {isa = PBXBuildFile; fileRef = C9A2B43419AFB2B500662321 /* BUGPivotalTrackerInterface.m */; };
		C99EEBD419B659130039B82D /* UIWindow+BUG.m in Sources */ = {isa = PBXBuildFile; fileRef = C9A2B42E19AFB18200662321 /* UIWindow+BUG.m */; };
		C99EEBD619B659930039B82D /* FLEXArgumentInputColorView.m in Sources */ = {isa = PBXBuildFile; fileRef = C9A2B7ED19AFBBD600662321 /* FLEXArgumentInputColorView.m */; };
		C99EEBD719B659930039B82D /* FLEXArgumentInputFontsPickerView.m in Sources */ = {isa = PBXBuildFile; fileRef = C9A2B7EF19AFBBD600662321 /* FLEXArgumentInputFontsPickerView.m */; };
		C99EEBD819B659930039B82D /* FLEXArgumentInputFontView.m in Sources */ = {isa = PBXBuildFile; fileRef = C9A2B7F119AFBBD600662321 /* FLEXArgumentInputFontView.m */; };
		C99EEBD919B659930039B82D /* FLEXArgumentInputJSONObjectView.m in Sources */ = {isa = PBXBuildFile; fileRef = C9A2B7F319AFBBD600662321 /* FLEXArgumentInputJSONObjectView.m */; };
		C99EEBDA19B659930039B82D /* FLEXArgumentInputNotSupportedView.m in Sources */ = {isa = PBXBuildFile; fileRef = C9A2B7F519AFBBD600662321 /* FLEXArgumentInputNotSupportedView.m */; };
		C99EEBDB19B659930039B82D /* FLEXArgumentInputNumberView.m in Sources */ = {isa = PBXBuildFile; fileRef = C9A2B7F719AFBBD600662321 /* FLEXArgumentInputNumberView.m */; };
		C99EEBDC19B659930039B82D /* FLEXArgumentInputStringView.m in Sources */ = {isa = PBXBuildFile; fileRef = C9A2B7F919AFBBD600662321 /* FLEXArgumentInputStringView.m */; };
		C99EEBDD19B659930039B82D /* FLEXArgumentInputStructView.m in Sources */ = {isa = PBXBuildFile; fileRef = C9A2B7FB19AFBBD600662321 /* FLEXArgumentInputStructView.m */; };
		C99EEBDE19B659930039B82D /* FLEXArgumentInputSwitchView.m in Sources */ = {isa = PBXBuildFile; fileRef = C9A2B7FD19AFBBD600662321 /* FLEXArgumentInputSwitchView.m */; };
		C99EEBDF19B659930039B82D /* FLEXArgumentInputTextView.m in Sources */ = {isa = PBXBuildFile; fileRef = C9A2B7FF19AFBBD600662321 /* FLEXArgumentInputTextView.m */; };
		C99EEBE019B659930039B82D /* FLEXArgumentInputView.m in Sources */ = {isa = PBXBuildFile; fileRef = C9A2B80119AFBBD600662321 /* FLEXArgumentInputView.m */; };
		C99EEBE119B659930039B82D /* FLEXArgumentInputViewFactory.m in Sources */ = {isa = PBXBuildFile; fileRef = C9A2B80319AFBBD600662321 /* FLEXArgumentInputViewFactory.m */; };
		C99EEBE219B659AC0039B82D /* FLEXDefaultEditorViewController.m in Sources */ = {isa = PBXBuildFile; fileRef = C9A2B80519AFBBD600662321 /* FLEXDefaultEditorViewController.m */; };
		C99EEBE319B659AC0039B82D /* FLEXFieldEditorView.m in Sources */ = {isa = PBXBuildFile; fileRef = C9A2B80719AFBBD600662321 /* FLEXFieldEditorView.m */; };
		C99EEBE419B659AC0039B82D /* FLEXFieldEditorViewController.m in Sources */ = {isa = PBXBuildFile; fileRef = C9A2B80919AFBBD600662321 /* FLEXFieldEditorViewController.m */; };
		C99EEBE519B659AC0039B82D /* FLEXIvarEditorViewController.m in Sources */ = {isa = PBXBuildFile; fileRef = C9A2B80B19AFBBD600662321 /* FLEXIvarEditorViewController.m */; };
		C99EEBE619B659AC0039B82D /* FLEXMethodCallingViewController.m in Sources */ = {isa = PBXBuildFile; fileRef = C9A2B80D19AFBBD600662321 /* FLEXMethodCallingViewController.m */; };
		C99EEBE719B659AC0039B82D /* FLEXPropertyEditorViewController.m in Sources */ = {isa = PBXBuildFile; fileRef = C9A2B80F19AFBBD600662321 /* FLEXPropertyEditorViewController.m */; };
		C99EEBE819B659B60039B82D /* FLEXExplorerToolbar.m in Sources */ = {isa = PBXBuildFile; fileRef = C9A2B81219AFBBD600662321 /* FLEXExplorerToolbar.m */; };
		C99EEBE919B659B60039B82D /* FLEXExplorerViewController.m in Sources */ = {isa = PBXBuildFile; fileRef = C9A2B81419AFBBD600662321 /* FLEXExplorerViewController.m */; };
		C99EEBEA19B659B60039B82D /* FLEXManager.m in Sources */ = {isa = PBXBuildFile; fileRef = C9A2B81719AFBBD600662321 /* FLEXManager.m */; };
		C99EEBEB19B659B60039B82D /* FLEXToolbarItem.m in Sources */ = {isa = PBXBuildFile; fileRef = C9A2B81919AFBBD600662321 /* FLEXToolbarItem.m */; };
		C99EEBEC19B659B60039B82D /* FLEXWindow.m in Sources */ = {isa = PBXBuildFile; fileRef = C9A2B81B19AFBBD600662321 /* FLEXWindow.m */; };
		C99EEBED19B659C30039B82D /* FLEXClassesTableViewController.m in Sources */ = {isa = PBXBuildFile; fileRef = C9A2B81E19AFBBD600662321 /* FLEXClassesTableViewController.m */; };
		C99EEBEE19B659C30039B82D /* FLEXFileBrowserSearchOperation.m in Sources */ = {isa = PBXBuildFile; fileRef = C9A2B82019AFBBD600662321 /* FLEXFileBrowserSearchOperation.m */; };
		C99EEBEF19B659C30039B82D /* FLEXFileBrowserTableViewController.m in Sources */ = {isa = PBXBuildFile; fileRef = C9A2B82219AFBBD600662321 /* FLEXFileBrowserTableViewController.m */; };
		C99EEBF019B659C30039B82D /* FLEXGlobalsTableViewController.m in Sources */ = {isa = PBXBuildFile; fileRef = C9A2B82419AFBBD600662321 /* FLEXGlobalsTableViewController.m */; };
		C99EEBF119B659C30039B82D /* FLEXInstancesTableViewController.m in Sources */ = {isa = PBXBuildFile; fileRef = C9A2B82619AFBBD600662321 /* FLEXInstancesTableViewController.m */; };
		C99EEBF219B659C30039B82D /* FLEXLibrariesTableViewController.m in Sources */ = {isa = PBXBuildFile; fileRef = C9A2B82819AFBBD600662321 /* FLEXLibrariesTableViewController.m */; };
		C99EEBF319B659C30039B82D /* FLEXLiveObjectsTableViewController.m in Sources */ = {isa = PBXBuildFile; fileRef = C9A2B82A19AFBBD600662321 /* FLEXLiveObjectsTableViewController.m */; };
		C99EEBF419B659C30039B82D /* FLEXWebViewController.m in Sources */ = {isa = PBXBuildFile; fileRef = C9A2B82C19AFBBD600662321 /* FLEXWebViewController.m */; };
		C99EEBF519B659D60039B82D /* FLEXArrayExplorerViewController.m in Sources */ = {isa = PBXBuildFile; fileRef = C9A2B82F19AFBBD600662321 /* FLEXArrayExplorerViewController.m */; };
		C99EEBF619B659D60039B82D /* FLEXClassExplorerViewController.m in Sources */ = {isa = PBXBuildFile; fileRef = C9A2B83119AFBBD600662321 /* FLEXClassExplorerViewController.m */; };
		C99EEBF719B659D60039B82D /* FLEXDefaultsExplorerViewController.m in Sources */ = {isa = PBXBuildFile; fileRef = C9A2B83319AFBBD600662321 /* FLEXDefaultsExplorerViewController.m */; };
		C99EEBF819B659D60039B82D /* FLEXDescriptionTableViewCell.m in Sources */ = {isa = PBXBuildFile; fileRef = C9A2B83519AFBBD600662321 /* FLEXDescriptionTableViewCell.m */; };
		C99EEBF919B659D60039B82D /* FLEXDictionaryExplorerViewController.m in Sources */ = {isa = PBXBuildFile; fileRef = C9A2B83719AFBBD600662321 /* FLEXDictionaryExplorerViewController.m */; };
		C99EEBFA19B659D60039B82D /* FLEXGlobalsTableViewControllerEntry.m in Sources */ = {isa = PBXBuildFile; fileRef = C9A2B83919AFBBD600662321 /* FLEXGlobalsTableViewControllerEntry.m */; };
		C99EEBFB19B659D60039B82D /* FLEXImageExplorerViewController.m in Sources */ = {isa = PBXBuildFile; fileRef = C9A2B83B19AFBBD600662321 /* FLEXImageExplorerViewController.m */; };
		C99EEBFC19B659D60039B82D /* FLEXObjectExplorerFactory.m in Sources */ = {isa = PBXBuildFile; fileRef = C9A2B83D19AFBBD600662321 /* FLEXObjectExplorerFactory.m */; };
		C99EEBFD19B659D60039B82D /* FLEXObjectExplorerViewController.m in Sources */ = {isa = PBXBuildFile; fileRef = C9A2B83F19AFBBD600662321 /* FLEXObjectExplorerViewController.m */; };
		C99EEBFE19B659D60039B82D /* FLEXSetExplorerViewController.m in Sources */ = {isa = PBXBuildFile; fileRef = C9A2B84119AFBBD600662321 /* FLEXSetExplorerViewController.m */; };
		C99EEBFF19B659D60039B82D /* FLEXViewControllerExplorerViewController.m in Sources */ = {isa = PBXBuildFile; fileRef = C9A2B84319AFBBD600662321 /* FLEXViewControllerExplorerViewController.m */; };
		C99EEC0019B659D60039B82D /* FLEXViewExplorerViewController.m in Sources */ = {isa = PBXBuildFile; fileRef = C9A2B84519AFBBD600662321 /* FLEXViewExplorerViewController.m */; };
		C99EEC0119B659E10039B82D /* FLEXHeapEnumerator.m in Sources */ = {isa = PBXBuildFile; fileRef = C9A2B84819AFBBD600662321 /* FLEXHeapEnumerator.m */; };
		C99EEC0219B659E10039B82D /* FLEXResources.m in Sources */ = {isa = PBXBuildFile; fileRef = C9A2B84A19AFBBD600662321 /* FLEXResources.m */; };
		C99EEC0319B659E10039B82D /* FLEXRuntimeUtility.m in Sources */ = {isa = PBXBuildFile; fileRef = C9A2B84C19AFBBD600662321 /* FLEXRuntimeUtility.m */; };
		C99EEC0419B659E10039B82D /* FLEXUtility.m in Sources */ = {isa = PBXBuildFile; fileRef = C9A2B84E19AFBBD600662321 /* FLEXUtility.m */; };
		C99EEC0519B659E80039B82D /* FLEXHierarchyTableViewCell.m in Sources */ = {isa = PBXBuildFile; fileRef = C9A2B85119AFBBD600662321 /* FLEXHierarchyTableViewCell.m */; };
		C99EEC0619B659E80039B82D /* FLEXHierarchyTableViewController.m in Sources */ = {isa = PBXBuildFile; fileRef = C9A2B85319AFBBD600662321 /* FLEXHierarchyTableViewController.m */; };
		C99EEC0719B659E80039B82D /* FLEXImagePreviewViewController.m in Sources */ = {isa = PBXBuildFile; fileRef = C9A2B85519AFBBD600662321 /* FLEXImagePreviewViewController.m */; };
		C99EEC0819B65A040039B82D /* MBProgressHUD.m in Sources */ = {isa = PBXBuildFile; fileRef = C9A2BC0719AFC7AF00662321 /* MBProgressHUD.m */; };
		C9A2B40519AFAD0000662321 /* UIKit.framework in Frameworks */ = {isa = PBXBuildFile; fileRef = C9A2B3AB19AFA66100662321 /* UIKit.framework */; };
		C9A2B40619AFAD0000662321 /* Foundation.framework in Frameworks */ = {isa = PBXBuildFile; fileRef = C9A2B39A19AFA66100662321 /* Foundation.framework */; };
		C9A2B40719AFAD0000662321 /* CoreGraphics.framework in Frameworks */ = {isa = PBXBuildFile; fileRef = C9A2B3CB19AFA9D500662321 /* CoreGraphics.framework */; };
		C9A2B40D19AFAD0000662321 /* InfoPlist.strings in Resources */ = {isa = PBXBuildFile; fileRef = C9A2B40B19AFAD0000662321 /* InfoPlist.strings */; };
		C9A2B40F19AFAD0000662321 /* main.m in Sources */ = {isa = PBXBuildFile; fileRef = C9A2B40E19AFAD0000662321 /* main.m */; };
		C9A2B41519AFAD0100662321 /* Default-568h@2x.png in Resources */ = {isa = PBXBuildFile; fileRef = C9A2B41419AFAD0100662321 /* Default-568h@2x.png */; };
		C9A2B42619AFAF0200662321 /* BUGWackerViewController.m in Sources */ = {isa = PBXBuildFile; fileRef = C9A2B42319AFAF0200662321 /* BUGWackerViewController.m */; };
		C9A2B42719AFAF0200662321 /* BUGWackerViewController.xib in Resources */ = {isa = PBXBuildFile; fileRef = C9A2B42419AFAF0200662321 /* BUGWackerViewController.xib */; };
		C9A2B43019AFB18200662321 /* UIWindow+BUG.m in Sources */ = {isa = PBXBuildFile; fileRef = C9A2B42E19AFB18200662321 /* UIWindow+BUG.m */; };
		C9A2B43619AFB2B500662321 /* BUGPivotalTrackerInterface.m in Sources */ = {isa = PBXBuildFile; fileRef = C9A2B43419AFB2B500662321 /* BUGPivotalTrackerInterface.m */; };
		C9A2B89E19AFBBD600662321 /* FLEXArgumentInputColorView.m in Sources */ = {isa = PBXBuildFile; fileRef = C9A2B7ED19AFBBD600662321 /* FLEXArgumentInputColorView.m */; };
		C9A2B8A019AFBBD600662321 /* FLEXArgumentInputFontsPickerView.m in Sources */ = {isa = PBXBuildFile; fileRef = C9A2B7EF19AFBBD600662321 /* FLEXArgumentInputFontsPickerView.m */; };
		C9A2B8A219AFBBD600662321 /* FLEXArgumentInputFontView.m in Sources */ = {isa = PBXBuildFile; fileRef = C9A2B7F119AFBBD600662321 /* FLEXArgumentInputFontView.m */; };
		C9A2B8A419AFBBD600662321 /* FLEXArgumentInputJSONObjectView.m in Sources */ = {isa = PBXBuildFile; fileRef = C9A2B7F319AFBBD600662321 /* FLEXArgumentInputJSONObjectView.m */; };
		C9A2B8A619AFBBD600662321 /* FLEXArgumentInputNotSupportedView.m in Sources */ = {isa = PBXBuildFile; fileRef = C9A2B7F519AFBBD600662321 /* FLEXArgumentInputNotSupportedView.m */; };
		C9A2B8A819AFBBD600662321 /* FLEXArgumentInputNumberView.m in Sources */ = {isa = PBXBuildFile; fileRef = C9A2B7F719AFBBD600662321 /* FLEXArgumentInputNumberView.m */; };
		C9A2B8AA19AFBBD600662321 /* FLEXArgumentInputStringView.m in Sources */ = {isa = PBXBuildFile; fileRef = C9A2B7F919AFBBD600662321 /* FLEXArgumentInputStringView.m */; };
		C9A2B8AC19AFBBD600662321 /* FLEXArgumentInputStructView.m in Sources */ = {isa = PBXBuildFile; fileRef = C9A2B7FB19AFBBD600662321 /* FLEXArgumentInputStructView.m */; };
		C9A2B8AE19AFBBD600662321 /* FLEXArgumentInputSwitchView.m in Sources */ = {isa = PBXBuildFile; fileRef = C9A2B7FD19AFBBD600662321 /* FLEXArgumentInputSwitchView.m */; };
		C9A2B8B019AFBBD600662321 /* FLEXArgumentInputTextView.m in Sources */ = {isa = PBXBuildFile; fileRef = C9A2B7FF19AFBBD600662321 /* FLEXArgumentInputTextView.m */; };
		C9A2B8B219AFBBD600662321 /* FLEXArgumentInputView.m in Sources */ = {isa = PBXBuildFile; fileRef = C9A2B80119AFBBD600662321 /* FLEXArgumentInputView.m */; };
		C9A2B8B419AFBBD600662321 /* FLEXArgumentInputViewFactory.m in Sources */ = {isa = PBXBuildFile; fileRef = C9A2B80319AFBBD600662321 /* FLEXArgumentInputViewFactory.m */; };
		C9A2B8B619AFBBD600662321 /* FLEXDefaultEditorViewController.m in Sources */ = {isa = PBXBuildFile; fileRef = C9A2B80519AFBBD600662321 /* FLEXDefaultEditorViewController.m */; };
		C9A2B8B819AFBBD600662321 /* FLEXFieldEditorView.m in Sources */ = {isa = PBXBuildFile; fileRef = C9A2B80719AFBBD600662321 /* FLEXFieldEditorView.m */; };
		C9A2B8BA19AFBBD600662321 /* FLEXFieldEditorViewController.m in Sources */ = {isa = PBXBuildFile; fileRef = C9A2B80919AFBBD600662321 /* FLEXFieldEditorViewController.m */; };
		C9A2B8BC19AFBBD600662321 /* FLEXIvarEditorViewController.m in Sources */ = {isa = PBXBuildFile; fileRef = C9A2B80B19AFBBD600662321 /* FLEXIvarEditorViewController.m */; };
		C9A2B8BE19AFBBD600662321 /* FLEXMethodCallingViewController.m in Sources */ = {isa = PBXBuildFile; fileRef = C9A2B80D19AFBBD600662321 /* FLEXMethodCallingViewController.m */; };
		C9A2B8C019AFBBD600662321 /* FLEXPropertyEditorViewController.m in Sources */ = {isa = PBXBuildFile; fileRef = C9A2B80F19AFBBD600662321 /* FLEXPropertyEditorViewController.m */; };
		C9A2B8C219AFBBD600662321 /* FLEXExplorerToolbar.m in Sources */ = {isa = PBXBuildFile; fileRef = C9A2B81219AFBBD600662321 /* FLEXExplorerToolbar.m */; };
		C9A2B8C419AFBBD600662321 /* FLEXExplorerViewController.m in Sources */ = {isa = PBXBuildFile; fileRef = C9A2B81419AFBBD600662321 /* FLEXExplorerViewController.m */; };
		C9A2B8C619AFBBD600662321 /* FLEXManager.m in Sources */ = {isa = PBXBuildFile; fileRef = C9A2B81719AFBBD600662321 /* FLEXManager.m */; };
		C9A2B8C819AFBBD600662321 /* FLEXToolbarItem.m in Sources */ = {isa = PBXBuildFile; fileRef = C9A2B81919AFBBD600662321 /* FLEXToolbarItem.m */; };
		C9A2B8CA19AFBBD600662321 /* FLEXWindow.m in Sources */ = {isa = PBXBuildFile; fileRef = C9A2B81B19AFBBD600662321 /* FLEXWindow.m */; };
		C9A2B8CC19AFBBD600662321 /* FLEXClassesTableViewController.m in Sources */ = {isa = PBXBuildFile; fileRef = C9A2B81E19AFBBD600662321 /* FLEXClassesTableViewController.m */; };
		C9A2B8CE19AFBBD600662321 /* FLEXFileBrowserSearchOperation.m in Sources */ = {isa = PBXBuildFile; fileRef = C9A2B82019AFBBD600662321 /* FLEXFileBrowserSearchOperation.m */; };
		C9A2B8D019AFBBD600662321 /* FLEXFileBrowserTableViewController.m in Sources */ = {isa = PBXBuildFile; fileRef = C9A2B82219AFBBD600662321 /* FLEXFileBrowserTableViewController.m */; };
		C9A2B8D219AFBBD600662321 /* FLEXGlobalsTableViewController.m in Sources */ = {isa = PBXBuildFile; fileRef = C9A2B82419AFBBD600662321 /* FLEXGlobalsTableViewController.m */; };
		C9A2B8D419AFBBD600662321 /* FLEXInstancesTableViewController.m in Sources */ = {isa = PBXBuildFile; fileRef = C9A2B82619AFBBD600662321 /* FLEXInstancesTableViewController.m */; };
		C9A2B8D619AFBBD600662321 /* FLEXLibrariesTableViewController.m in Sources */ = {isa = PBXBuildFile; fileRef = C9A2B82819AFBBD600662321 /* FLEXLibrariesTableViewController.m */; };
		C9A2B8D819AFBBD600662321 /* FLEXLiveObjectsTableViewController.m in Sources */ = {isa = PBXBuildFile; fileRef = C9A2B82A19AFBBD600662321 /* FLEXLiveObjectsTableViewController.m */; };
		C9A2B8DA19AFBBD600662321 /* FLEXWebViewController.m in Sources */ = {isa = PBXBuildFile; fileRef = C9A2B82C19AFBBD600662321 /* FLEXWebViewController.m */; };
		C9A2B8DC19AFBBD600662321 /* FLEXArrayExplorerViewController.m in Sources */ = {isa = PBXBuildFile; fileRef = C9A2B82F19AFBBD600662321 /* FLEXArrayExplorerViewController.m */; };
		C9A2B8DE19AFBBD600662321 /* FLEXClassExplorerViewController.m in Sources */ = {isa = PBXBuildFile; fileRef = C9A2B83119AFBBD600662321 /* FLEXClassExplorerViewController.m */; };
		C9A2B8E019AFBBD600662321 /* FLEXDefaultsExplorerViewController.m in Sources */ = {isa = PBXBuildFile; fileRef = C9A2B83319AFBBD600662321 /* FLEXDefaultsExplorerViewController.m */; };
		C9A2B8E219AFBBD600662321 /* FLEXDescriptionTableViewCell.m in Sources */ = {isa = PBXBuildFile; fileRef = C9A2B83519AFBBD600662321 /* FLEXDescriptionTableViewCell.m */; };
		C9A2B8E419AFBBD600662321 /* FLEXDictionaryExplorerViewController.m in Sources */ = {isa = PBXBuildFile; fileRef = C9A2B83719AFBBD600662321 /* FLEXDictionaryExplorerViewController.m */; };
		C9A2B8E619AFBBD600662321 /* FLEXGlobalsTableViewControllerEntry.m in Sources */ = {isa = PBXBuildFile; fileRef = C9A2B83919AFBBD600662321 /* FLEXGlobalsTableViewControllerEntry.m */; };
		C9A2B8E819AFBBD600662321 /* FLEXImageExplorerViewController.m in Sources */ = {isa = PBXBuildFile; fileRef = C9A2B83B19AFBBD600662321 /* FLEXImageExplorerViewController.m */; };
		C9A2B8EA19AFBBD600662321 /* FLEXObjectExplorerFactory.m in Sources */ = {isa = PBXBuildFile; fileRef = C9A2B83D19AFBBD600662321 /* FLEXObjectExplorerFactory.m */; };
		C9A2B8EC19AFBBD600662321 /* FLEXObjectExplorerViewController.m in Sources */ = {isa = PBXBuildFile; fileRef = C9A2B83F19AFBBD600662321 /* FLEXObjectExplorerViewController.m */; };
		C9A2B8EE19AFBBD600662321 /* FLEXSetExplorerViewController.m in Sources */ = {isa = PBXBuildFile; fileRef = C9A2B84119AFBBD600662321 /* FLEXSetExplorerViewController.m */; };
		C9A2B8F019AFBBD600662321 /* FLEXViewControllerExplorerViewController.m in Sources */ = {isa = PBXBuildFile; fileRef = C9A2B84319AFBBD600662321 /* FLEXViewControllerExplorerViewController.m */; };
		C9A2B8F219AFBBD600662321 /* FLEXViewExplorerViewController.m in Sources */ = {isa = PBXBuildFile; fileRef = C9A2B84519AFBBD600662321 /* FLEXViewExplorerViewController.m */; };
		C9A2B8F419AFBBD600662321 /* FLEXHeapEnumerator.m in Sources */ = {isa = PBXBuildFile; fileRef = C9A2B84819AFBBD600662321 /* FLEXHeapEnumerator.m */; };
		C9A2B8F619AFBBD600662321 /* FLEXResources.m in Sources */ = {isa = PBXBuildFile; fileRef = C9A2B84A19AFBBD600662321 /* FLEXResources.m */; };
		C9A2B8F819AFBBD600662321 /* FLEXRuntimeUtility.m in Sources */ = {isa = PBXBuildFile; fileRef = C9A2B84C19AFBBD600662321 /* FLEXRuntimeUtility.m */; };
		C9A2B8FA19AFBBD600662321 /* FLEXUtility.m in Sources */ = {isa = PBXBuildFile; fileRef = C9A2B84E19AFBBD600662321 /* FLEXUtility.m */; };
		C9A2B8FC19AFBBD600662321 /* FLEXHierarchyTableViewCell.m in Sources */ = {isa = PBXBuildFile; fileRef = C9A2B85119AFBBD600662321 /* FLEXHierarchyTableViewCell.m */; };
		C9A2B8FE19AFBBD600662321 /* FLEXHierarchyTableViewController.m in Sources */ = {isa = PBXBuildFile; fileRef = C9A2B85319AFBBD600662321 /* FLEXHierarchyTableViewController.m */; };
		C9A2B90019AFBBD600662321 /* FLEXImagePreviewViewController.m in Sources */ = {isa = PBXBuildFile; fileRef = C9A2B85519AFBBD600662321 /* FLEXImagePreviewViewController.m */; };
		C9A2BC2719AFC7AF00662321 /* MBProgressHUD.m in Sources */ = {isa = PBXBuildFile; fileRef = C9A2BC0719AFC7AF00662321 /* MBProgressHUD.m */; };
/* End PBXBuildFile section */

/* Begin PBXContainerItemProxy section */
		C9A2BBC919AFBC0600662321 /* PBXContainerItemProxy */ = {
			isa = PBXContainerItemProxy;
			containerPortal = C9A2B94619AFBC0500662321 /* Cedar.xcodeproj */;
			proxyType = 2;
			remoteGlobalIDString = AEEE1FB611DC271300029872;
			remoteInfo = Cedar;
		};
		C9A2BBCB19AFBC0600662321 /* PBXContainerItemProxy */ = {
			isa = PBXContainerItemProxy;
			containerPortal = C9A2B94619AFBC0500662321 /* Cedar.xcodeproj */;
			proxyType = 2;
			remoteGlobalIDString = AEEE218611DC28E200029872;
			remoteInfo = Specs;
		};
		C9A2BBCD19AFBC0600662321 /* PBXContainerItemProxy */ = {
			isa = PBXContainerItemProxy;
			containerPortal = C9A2B94619AFBC0500662321 /* Cedar.xcodeproj */;
			proxyType = 2;
			remoteGlobalIDString = 96A07F0813F276640021974D;
			remoteInfo = FocusedSpecs;
		};
		C9A2BBCF19AFBC0600662321 /* PBXContainerItemProxy */ = {
			isa = PBXContainerItemProxy;
			containerPortal = C9A2B94619AFBC0500662321 /* Cedar.xcodeproj */;
			proxyType = 2;
			remoteGlobalIDString = AEEE222911DC2B0600029872;
			remoteInfo = "Cedar-StaticLib";
		};
		C9A2BBD119AFBC0600662321 /* PBXContainerItemProxy */ = {
			isa = PBXContainerItemProxy;
			containerPortal = C9A2B94619AFBC0500662321 /* Cedar.xcodeproj */;
			proxyType = 2;
			remoteGlobalIDString = AEEE227611DC2CF900029872;
			remoteInfo = iOSSpecs;
		};
		C9A2BBD319AFBC0600662321 /* PBXContainerItemProxy */ = {
			isa = PBXContainerItemProxy;
			containerPortal = C9A2B94619AFBC0500662321 /* Cedar.xcodeproj */;
			proxyType = 2;
			remoteGlobalIDString = AE02E7E4184EABCD00414F19;
			remoteInfo = iOSFrameworkSpecs;
		};
		C9A2BBD519AFBC0600662321 /* PBXContainerItemProxy */ = {
			isa = PBXContainerItemProxy;
			containerPortal = C9A2B94619AFBC0500662321 /* Cedar.xcodeproj */;
			proxyType = 2;
			remoteGlobalIDString = 96B5F9F6144A81A7000A6A5D;
			remoteInfo = OCUnitApp;
		};
		C9A2BBD719AFBC0600662321 /* PBXContainerItemProxy */ = {
			isa = PBXContainerItemProxy;
			containerPortal = C9A2B94619AFBC0500662321 /* Cedar.xcodeproj */;
			proxyType = 2;
			remoteGlobalIDString = 96B5FA11144A81A8000A6A5D;
			remoteInfo = OCUnitAppTests;
		};
		C9A2BBD919AFBC0600662321 /* PBXContainerItemProxy */ = {
			isa = PBXContainerItemProxy;
			containerPortal = C9A2B94619AFBC0500662321 /* Cedar.xcodeproj */;
			proxyType = 2;
			remoteGlobalIDString = 1F45A3DD180E4796003C1E36;
			remoteInfo = XCUnitAppTests;
		};
		C9A2BBDB19AFBC0600662321 /* PBXContainerItemProxy */ = {
			isa = PBXContainerItemProxy;
			containerPortal = C9A2B94619AFBC0500662321 /* Cedar.xcodeproj */;
			proxyType = 2;
			remoteGlobalIDString = 96158A86144A915E005895CE;
			remoteInfo = OCUnitAppLogicTests;
		};
/* End PBXContainerItemProxy section */

/* Begin PBXFileReference section */
		C95A284E19B12F5400535906 /* Cedar-iOS.framework */ = {isa = PBXFileReference; lastKnownFileType = wrapper.framework; name = "Cedar-iOS.framework"; path = "Specs/Frameworks/Cedar-iOS.framework"; sourceTree = "<group>"; };
		C95A286919B137FB00535906 /* Demo.app */ = {isa = PBXFileReference; explicitFileType = wrapper.application; includeInIndex = 0; path = Demo.app; sourceTree = BUILT_PRODUCTS_DIR; };
		C95A286F19B137FB00535906 /* Demo-Info.plist */ = {isa = PBXFileReference; lastKnownFileType = text.plist.xml; path = "Demo-Info.plist"; sourceTree = "<group>"; };
		C95A287119B137FB00535906 /* en */ = {isa = PBXFileReference; lastKnownFileType = text.plist.strings; name = en; path = en.lproj/InfoPlist.strings; sourceTree = "<group>"; };
		C95A287319B137FB00535906 /* main.m */ = {isa = PBXFileReference; lastKnownFileType = sourcecode.c.objc; path = main.m; sourceTree = "<group>"; };
		C95A287519B137FB00535906 /* Demo-Prefix.pch */ = {isa = PBXFileReference; lastKnownFileType = sourcecode.c.h; path = "Demo-Prefix.pch"; sourceTree = "<group>"; };
		C95A287619B137FB00535906 /* BUGAppDelegate.h */ = {isa = PBXFileReference; lastKnownFileType = sourcecode.c.h; path = BUGAppDelegate.h; sourceTree = "<group>"; };
		C95A287719B137FB00535906 /* BUGAppDelegate.m */ = {isa = PBXFileReference; lastKnownFileType = sourcecode.c.objc; path = BUGAppDelegate.m; sourceTree = "<group>"; };
		C95A287919B137FB00535906 /* Images.xcassets */ = {isa = PBXFileReference; lastKnownFileType = folder.assetcatalog; path = Images.xcassets; sourceTree = "<group>"; };
		C95A289419B138AE00535906 /* BUGDemoViewController.h */ = {isa = PBXFileReference; fileEncoding = 4; lastKnownFileType = sourcecode.c.h; path = BUGDemoViewController.h; sourceTree = "<group>"; };
		C95A289519B138AE00535906 /* BUGDemoViewController.m */ = {isa = PBXFileReference; fileEncoding = 4; lastKnownFileType = sourcecode.c.objc; path = BUGDemoViewController.m; sourceTree = "<group>"; };
		C95A289619B138AE00535906 /* BUGDemoViewController.xib */ = {isa = PBXFileReference; fileEncoding = 4; lastKnownFileType = file.xib; path = BUGDemoViewController.xib; sourceTree = "<group>"; };
		C9710F3919AFF88D009173DE /* BUGWackerViewControllerSpec.mm */ = {isa = PBXFileReference; fileEncoding = 4; lastKnownFileType = sourcecode.cpp.objcpp; name = BUGWackerViewControllerSpec.mm; path = UI/Controllers/BUGWackerViewControllerSpec.mm; sourceTree = "<group>"; };
		C9710F4719B0ED3F009173DE /* UIView+Spec.h */ = {isa = PBXFileReference; fileEncoding = 4; lastKnownFileType = sourcecode.c.h; name = "UIView+Spec.h"; path = "Extensions/UIView+Spec.h"; sourceTree = "<group>"; };
		C9710F4819B0ED3F009173DE /* UIView+Spec.m */ = {isa = PBXFileReference; fileEncoding = 4; lastKnownFileType = sourcecode.c.objc; name = "UIView+Spec.m"; path = "Extensions/UIView+Spec.m"; sourceTree = "<group>"; };
		C9710F4B19B0F8AB009173DE /* UIAlertView+Spec.h */ = {isa = PBXFileReference; fileEncoding = 4; lastKnownFileType = sourcecode.c.h; name = "UIAlertView+Spec.h"; path = "Extensions/UIAlertView+Spec.h"; sourceTree = "<group>"; };
		C9710F4C19B0F8AB009173DE /* UIAlertView+Spec.m */ = {isa = PBXFileReference; fileEncoding = 4; lastKnownFileType = sourcecode.c.objc; name = "UIAlertView+Spec.m"; path = "Extensions/UIAlertView+Spec.m"; sourceTree = "<group>"; };
		C9710F4F19B11BC6009173DE /* BUGPivotalTrackerInterface+Spec.h */ = {isa = PBXFileReference; fileEncoding = 4; lastKnownFileType = sourcecode.c.h; name = "BUGPivotalTrackerInterface+Spec.h"; path = "Stubs/BUGPivotalTrackerInterface+Spec.h"; sourceTree = "<group>"; };
		C9710F5019B11BC6009173DE /* BUGPivotalTrackerInterface+Spec.m */ = {isa = PBXFileReference; fileEncoding = 4; lastKnownFileType = sourcecode.c.objc; name = "BUGPivotalTrackerInterface+Spec.m"; path = "Stubs/BUGPivotalTrackerInterface+Spec.m"; sourceTree = "<group>"; };
		C9710F5219B11CC6009173DE /* JRSwizzle.h */ = {isa = PBXFileReference; fileEncoding = 4; lastKnownFileType = sourcecode.c.h; name = JRSwizzle.h; path = Externals/JRSwizzle/JRSwizzle.h; sourceTree = SOURCE_ROOT; };
		C9710F5319B11CC6009173DE /* JRSwizzle.m */ = {isa = PBXFileReference; fileEncoding = 4; lastKnownFileType = sourcecode.c.objc; name = JRSwizzle.m; path = Externals/JRSwizzle/JRSwizzle.m; sourceTree = SOURCE_ROOT; };
		C99EEBC219B649400039B82D /* CoreFoundation.framework */ = {isa = PBXFileReference; lastKnownFileType = wrapper.framework; name = CoreFoundation.framework; path = System/Library/Frameworks/CoreFoundation.framework; sourceTree = SDKROOT; };
		C99EEBC619B649400039B82D /* BugWackerResources-Info.plist */ = {isa = PBXFileReference; lastKnownFileType = text.plist.xml; path = "BugWackerResources-Info.plist"; sourceTree = "<group>"; };
		C99EEBC819B649400039B82D /* en */ = {isa = PBXFileReference; lastKnownFileType = text.plist.strings; name = en; path = en.lproj/InfoPlist.strings; sourceTree = "<group>"; };
		C99EEBCA19B649400039B82D /* BugWackerResources-Prefix.pch */ = {isa = PBXFileReference; lastKnownFileType = sourcecode.c.h; path = "BugWackerResources-Prefix.pch"; sourceTree = "<group>"; };
		C99EEBD519B659540039B82D /* BugWacker.h */ = {isa = PBXFileReference; fileEncoding = 4; lastKnownFileType = sourcecode.c.h; path = BugWacker.h; sourceTree = "<group>"; };
		C9A2B39A19AFA66100662321 /* Foundation.framework */ = {isa = PBXFileReference; lastKnownFileType = wrapper.framework; name = Foundation.framework; path = System/Library/Frameworks/Foundation.framework; sourceTree = SDKROOT; };
		C9A2B39E19AFA66100662321 /* BugWacker-Prefix.pch */ = {isa = PBXFileReference; lastKnownFileType = sourcecode.c.h; name = "BugWacker-Prefix.pch"; path = "../App/Domain/BugWacker-Prefix.pch"; sourceTree = "<group>"; };
		C9A2B3A819AFA66100662321 /* XCTest.framework */ = {isa = PBXFileReference; lastKnownFileType = wrapper.framework; name = XCTest.framework; path = Library/Frameworks/XCTest.framework; sourceTree = DEVELOPER_DIR; };
		C9A2B3AB19AFA66100662321 /* UIKit.framework */ = {isa = PBXFileReference; lastKnownFileType = wrapper.framework; name = UIKit.framework; path = Library/Frameworks/UIKit.framework; sourceTree = DEVELOPER_DIR; };
		C9A2B3C919AFA9D500662321 /* SenTestingKit.framework */ = {isa = PBXFileReference; lastKnownFileType = wrapper.framework; name = SenTestingKit.framework; path = Library/Frameworks/SenTestingKit.framework; sourceTree = DEVELOPER_DIR; };
		C9A2B3CB19AFA9D500662321 /* CoreGraphics.framework */ = {isa = PBXFileReference; lastKnownFileType = wrapper.framework; name = CoreGraphics.framework; path = Library/Frameworks/CoreGraphics.framework; sourceTree = DEVELOPER_DIR; };
		C9A2B40419AFAD0000662321 /* Specs.app */ = {isa = PBXFileReference; explicitFileType = wrapper.application; includeInIndex = 0; path = Specs.app; sourceTree = BUILT_PRODUCTS_DIR; };
		C9A2B40A19AFAD0000662321 /* Specs-Info.plist */ = {isa = PBXFileReference; lastKnownFileType = text.plist.xml; path = "Specs-Info.plist"; sourceTree = "<group>"; };
		C9A2B40C19AFAD0000662321 /* en */ = {isa = PBXFileReference; lastKnownFileType = text.plist.strings; name = en; path = en.lproj/InfoPlist.strings; sourceTree = "<group>"; };
		C9A2B40E19AFAD0000662321 /* main.m */ = {isa = PBXFileReference; lastKnownFileType = sourcecode.c.objc; path = main.m; sourceTree = "<group>"; };
		C9A2B41019AFAD0000662321 /* Specs-Prefix.pch */ = {isa = PBXFileReference; lastKnownFileType = sourcecode.c.h; path = "Specs-Prefix.pch"; sourceTree = "<group>"; };
		C9A2B41119AFAD0000662321 /* Rakefile */ = {isa = PBXFileReference; lastKnownFileType = text; path = Rakefile; sourceTree = "<group>"; };
		C9A2B41419AFAD0100662321 /* Default-568h@2x.png */ = {isa = PBXFileReference; lastKnownFileType = image.png; path = "Default-568h@2x.png"; sourceTree = "<group>"; };
		C9A2B42219AFAF0200662321 /* BUGWackerViewController.h */ = {isa = PBXFileReference; fileEncoding = 4; lastKnownFileType = sourcecode.c.h; name = BUGWackerViewController.h; path = UI/Controllers/BUGWackerViewController.h; sourceTree = "<group>"; };
		C9A2B42319AFAF0200662321 /* BUGWackerViewController.m */ = {isa = PBXFileReference; fileEncoding = 4; lastKnownFileType = sourcecode.c.objc; name = BUGWackerViewController.m; path = UI/Controllers/BUGWackerViewController.m; sourceTree = "<group>"; };
		C9A2B42419AFAF0200662321 /* BUGWackerViewController.xib */ = {isa = PBXFileReference; fileEncoding = 4; lastKnownFileType = file.xib; name = BUGWackerViewController.xib; path = UI/Controllers/BUGWackerViewController.xib; sourceTree = "<group>"; };
		C9A2B42E19AFB18200662321 /* UIWindow+BUG.m */ = {isa = PBXFileReference; fileEncoding = 4; lastKnownFileType = sourcecode.c.objc; name = "UIWindow+BUG.m"; path = "../App/UI/Extensions/UIWindow+BUG.m"; sourceTree = "<group>"; };
		C9A2B43319AFB2B500662321 /* BUGPivotalTrackerInterface.h */ = {isa = PBXFileReference; fileEncoding = 4; lastKnownFileType = sourcecode.c.h; name = BUGPivotalTrackerInterface.h; path = Domain/Interfaces/BUGPivotalTrackerInterface.h; sourceTree = "<group>"; };
		C9A2B43419AFB2B500662321 /* BUGPivotalTrackerInterface.m */ = {isa = PBXFileReference; fileEncoding = 4; lastKnownFileType = sourcecode.c.objc; name = BUGPivotalTrackerInterface.m; path = ../App/Domain/Interfaces/BUGPivotalTrackerInterface.m; sourceTree = "<group>"; };
		C9A2B7EC19AFBBD600662321 /* FLEXArgumentInputColorView.h */ = {isa = PBXFileReference; fileEncoding = 4; lastKnownFileType = sourcecode.c.h; path = FLEXArgumentInputColorView.h; sourceTree = "<group>"; };
		C9A2B7ED19AFBBD600662321 /* FLEXArgumentInputColorView.m */ = {isa = PBXFileReference; fileEncoding = 4; lastKnownFileType = sourcecode.c.objc; path = FLEXArgumentInputColorView.m; sourceTree = "<group>"; };
		C9A2B7EE19AFBBD600662321 /* FLEXArgumentInputFontsPickerView.h */ = {isa = PBXFileReference; fileEncoding = 4; lastKnownFileType = sourcecode.c.h; path = FLEXArgumentInputFontsPickerView.h; sourceTree = "<group>"; };
		C9A2B7EF19AFBBD600662321 /* FLEXArgumentInputFontsPickerView.m */ = {isa = PBXFileReference; fileEncoding = 4; lastKnownFileType = sourcecode.c.objc; path = FLEXArgumentInputFontsPickerView.m; sourceTree = "<group>"; };
		C9A2B7F019AFBBD600662321 /* FLEXArgumentInputFontView.h */ = {isa = PBXFileReference; fileEncoding = 4; lastKnownFileType = sourcecode.c.h; path = FLEXArgumentInputFontView.h; sourceTree = "<group>"; };
		C9A2B7F119AFBBD600662321 /* FLEXArgumentInputFontView.m */ = {isa = PBXFileReference; fileEncoding = 4; lastKnownFileType = sourcecode.c.objc; path = FLEXArgumentInputFontView.m; sourceTree = "<group>"; };
		C9A2B7F219AFBBD600662321 /* FLEXArgumentInputJSONObjectView.h */ = {isa = PBXFileReference; fileEncoding = 4; lastKnownFileType = sourcecode.c.h; path = FLEXArgumentInputJSONObjectView.h; sourceTree = "<group>"; };
		C9A2B7F319AFBBD600662321 /* FLEXArgumentInputJSONObjectView.m */ = {isa = PBXFileReference; fileEncoding = 4; lastKnownFileType = sourcecode.c.objc; path = FLEXArgumentInputJSONObjectView.m; sourceTree = "<group>"; };
		C9A2B7F419AFBBD600662321 /* FLEXArgumentInputNotSupportedView.h */ = {isa = PBXFileReference; fileEncoding = 4; lastKnownFileType = sourcecode.c.h; path = FLEXArgumentInputNotSupportedView.h; sourceTree = "<group>"; };
		C9A2B7F519AFBBD600662321 /* FLEXArgumentInputNotSupportedView.m */ = {isa = PBXFileReference; fileEncoding = 4; lastKnownFileType = sourcecode.c.objc; path = FLEXArgumentInputNotSupportedView.m; sourceTree = "<group>"; };
		C9A2B7F619AFBBD600662321 /* FLEXArgumentInputNumberView.h */ = {isa = PBXFileReference; fileEncoding = 4; lastKnownFileType = sourcecode.c.h; path = FLEXArgumentInputNumberView.h; sourceTree = "<group>"; };
		C9A2B7F719AFBBD600662321 /* FLEXArgumentInputNumberView.m */ = {isa = PBXFileReference; fileEncoding = 4; lastKnownFileType = sourcecode.c.objc; path = FLEXArgumentInputNumberView.m; sourceTree = "<group>"; };
		C9A2B7F819AFBBD600662321 /* FLEXArgumentInputStringView.h */ = {isa = PBXFileReference; fileEncoding = 4; lastKnownFileType = sourcecode.c.h; path = FLEXArgumentInputStringView.h; sourceTree = "<group>"; };
		C9A2B7F919AFBBD600662321 /* FLEXArgumentInputStringView.m */ = {isa = PBXFileReference; fileEncoding = 4; lastKnownFileType = sourcecode.c.objc; path = FLEXArgumentInputStringView.m; sourceTree = "<group>"; };
		C9A2B7FA19AFBBD600662321 /* FLEXArgumentInputStructView.h */ = {isa = PBXFileReference; fileEncoding = 4; lastKnownFileType = sourcecode.c.h; path = FLEXArgumentInputStructView.h; sourceTree = "<group>"; };
		C9A2B7FB19AFBBD600662321 /* FLEXArgumentInputStructView.m */ = {isa = PBXFileReference; fileEncoding = 4; lastKnownFileType = sourcecode.c.objc; path = FLEXArgumentInputStructView.m; sourceTree = "<group>"; };
		C9A2B7FC19AFBBD600662321 /* FLEXArgumentInputSwitchView.h */ = {isa = PBXFileReference; fileEncoding = 4; lastKnownFileType = sourcecode.c.h; path = FLEXArgumentInputSwitchView.h; sourceTree = "<group>"; };
		C9A2B7FD19AFBBD600662321 /* FLEXArgumentInputSwitchView.m */ = {isa = PBXFileReference; fileEncoding = 4; lastKnownFileType = sourcecode.c.objc; path = FLEXArgumentInputSwitchView.m; sourceTree = "<group>"; };
		C9A2B7FE19AFBBD600662321 /* FLEXArgumentInputTextView.h */ = {isa = PBXFileReference; fileEncoding = 4; lastKnownFileType = sourcecode.c.h; path = FLEXArgumentInputTextView.h; sourceTree = "<group>"; };
		C9A2B7FF19AFBBD600662321 /* FLEXArgumentInputTextView.m */ = {isa = PBXFileReference; fileEncoding = 4; lastKnownFileType = sourcecode.c.objc; path = FLEXArgumentInputTextView.m; sourceTree = "<group>"; };
		C9A2B80019AFBBD600662321 /* FLEXArgumentInputView.h */ = {isa = PBXFileReference; fileEncoding = 4; lastKnownFileType = sourcecode.c.h; path = FLEXArgumentInputView.h; sourceTree = "<group>"; };
		C9A2B80119AFBBD600662321 /* FLEXArgumentInputView.m */ = {isa = PBXFileReference; fileEncoding = 4; lastKnownFileType = sourcecode.c.objc; path = FLEXArgumentInputView.m; sourceTree = "<group>"; };
		C9A2B80219AFBBD600662321 /* FLEXArgumentInputViewFactory.h */ = {isa = PBXFileReference; fileEncoding = 4; lastKnownFileType = sourcecode.c.h; path = FLEXArgumentInputViewFactory.h; sourceTree = "<group>"; };
		C9A2B80319AFBBD600662321 /* FLEXArgumentInputViewFactory.m */ = {isa = PBXFileReference; fileEncoding = 4; lastKnownFileType = sourcecode.c.objc; path = FLEXArgumentInputViewFactory.m; sourceTree = "<group>"; };
		C9A2B80419AFBBD600662321 /* FLEXDefaultEditorViewController.h */ = {isa = PBXFileReference; fileEncoding = 4; lastKnownFileType = sourcecode.c.h; path = FLEXDefaultEditorViewController.h; sourceTree = "<group>"; };
		C9A2B80519AFBBD600662321 /* FLEXDefaultEditorViewController.m */ = {isa = PBXFileReference; fileEncoding = 4; lastKnownFileType = sourcecode.c.objc; path = FLEXDefaultEditorViewController.m; sourceTree = "<group>"; };
		C9A2B80619AFBBD600662321 /* FLEXFieldEditorView.h */ = {isa = PBXFileReference; fileEncoding = 4; lastKnownFileType = sourcecode.c.h; path = FLEXFieldEditorView.h; sourceTree = "<group>"; };
		C9A2B80719AFBBD600662321 /* FLEXFieldEditorView.m */ = {isa = PBXFileReference; fileEncoding = 4; lastKnownFileType = sourcecode.c.objc; path = FLEXFieldEditorView.m; sourceTree = "<group>"; };
		C9A2B80819AFBBD600662321 /* FLEXFieldEditorViewController.h */ = {isa = PBXFileReference; fileEncoding = 4; lastKnownFileType = sourcecode.c.h; path = FLEXFieldEditorViewController.h; sourceTree = "<group>"; };
		C9A2B80919AFBBD600662321 /* FLEXFieldEditorViewController.m */ = {isa = PBXFileReference; fileEncoding = 4; lastKnownFileType = sourcecode.c.objc; path = FLEXFieldEditorViewController.m; sourceTree = "<group>"; };
		C9A2B80A19AFBBD600662321 /* FLEXIvarEditorViewController.h */ = {isa = PBXFileReference; fileEncoding = 4; lastKnownFileType = sourcecode.c.h; path = FLEXIvarEditorViewController.h; sourceTree = "<group>"; };
		C9A2B80B19AFBBD600662321 /* FLEXIvarEditorViewController.m */ = {isa = PBXFileReference; fileEncoding = 4; lastKnownFileType = sourcecode.c.objc; path = FLEXIvarEditorViewController.m; sourceTree = "<group>"; };
		C9A2B80C19AFBBD600662321 /* FLEXMethodCallingViewController.h */ = {isa = PBXFileReference; fileEncoding = 4; lastKnownFileType = sourcecode.c.h; path = FLEXMethodCallingViewController.h; sourceTree = "<group>"; };
		C9A2B80D19AFBBD600662321 /* FLEXMethodCallingViewController.m */ = {isa = PBXFileReference; fileEncoding = 4; lastKnownFileType = sourcecode.c.objc; path = FLEXMethodCallingViewController.m; sourceTree = "<group>"; };
		C9A2B80E19AFBBD600662321 /* FLEXPropertyEditorViewController.h */ = {isa = PBXFileReference; fileEncoding = 4; lastKnownFileType = sourcecode.c.h; path = FLEXPropertyEditorViewController.h; sourceTree = "<group>"; };
		C9A2B80F19AFBBD600662321 /* FLEXPropertyEditorViewController.m */ = {isa = PBXFileReference; fileEncoding = 4; lastKnownFileType = sourcecode.c.objc; path = FLEXPropertyEditorViewController.m; sourceTree = "<group>"; };
		C9A2B81119AFBBD600662321 /* FLEXExplorerToolbar.h */ = {isa = PBXFileReference; fileEncoding = 4; lastKnownFileType = sourcecode.c.h; path = FLEXExplorerToolbar.h; sourceTree = "<group>"; };
		C9A2B81219AFBBD600662321 /* FLEXExplorerToolbar.m */ = {isa = PBXFileReference; fileEncoding = 4; lastKnownFileType = sourcecode.c.objc; path = FLEXExplorerToolbar.m; sourceTree = "<group>"; };
		C9A2B81319AFBBD600662321 /* FLEXExplorerViewController.h */ = {isa = PBXFileReference; fileEncoding = 4; lastKnownFileType = sourcecode.c.h; path = FLEXExplorerViewController.h; sourceTree = "<group>"; };
		C9A2B81419AFBBD600662321 /* FLEXExplorerViewController.m */ = {isa = PBXFileReference; fileEncoding = 4; lastKnownFileType = sourcecode.c.objc; path = FLEXExplorerViewController.m; sourceTree = "<group>"; };
		C9A2B81519AFBBD600662321 /* FLEXManager+Private.h */ = {isa = PBXFileReference; fileEncoding = 4; lastKnownFileType = sourcecode.c.h; path = "FLEXManager+Private.h"; sourceTree = "<group>"; };
		C9A2B81619AFBBD600662321 /* FLEXManager.h */ = {isa = PBXFileReference; fileEncoding = 4; lastKnownFileType = sourcecode.c.h; path = FLEXManager.h; sourceTree = "<group>"; };
		C9A2B81719AFBBD600662321 /* FLEXManager.m */ = {isa = PBXFileReference; fileEncoding = 4; lastKnownFileType = sourcecode.c.objc; path = FLEXManager.m; sourceTree = "<group>"; };
		C9A2B81819AFBBD600662321 /* FLEXToolbarItem.h */ = {isa = PBXFileReference; fileEncoding = 4; lastKnownFileType = sourcecode.c.h; path = FLEXToolbarItem.h; sourceTree = "<group>"; };
		C9A2B81919AFBBD600662321 /* FLEXToolbarItem.m */ = {isa = PBXFileReference; fileEncoding = 4; lastKnownFileType = sourcecode.c.objc; path = FLEXToolbarItem.m; sourceTree = "<group>"; };
		C9A2B81A19AFBBD600662321 /* FLEXWindow.h */ = {isa = PBXFileReference; fileEncoding = 4; lastKnownFileType = sourcecode.c.h; path = FLEXWindow.h; sourceTree = "<group>"; };
		C9A2B81B19AFBBD600662321 /* FLEXWindow.m */ = {isa = PBXFileReference; fileEncoding = 4; lastKnownFileType = sourcecode.c.objc; path = FLEXWindow.m; sourceTree = "<group>"; };
		C9A2B81D19AFBBD600662321 /* FLEXClassesTableViewController.h */ = {isa = PBXFileReference; fileEncoding = 4; lastKnownFileType = sourcecode.c.h; path = FLEXClassesTableViewController.h; sourceTree = "<group>"; };
		C9A2B81E19AFBBD600662321 /* FLEXClassesTableViewController.m */ = {isa = PBXFileReference; fileEncoding = 4; lastKnownFileType = sourcecode.c.objc; path = FLEXClassesTableViewController.m; sourceTree = "<group>"; };
		C9A2B81F19AFBBD600662321 /* FLEXFileBrowserSearchOperation.h */ = {isa = PBXFileReference; fileEncoding = 4; lastKnownFileType = sourcecode.c.h; path = FLEXFileBrowserSearchOperation.h; sourceTree = "<group>"; };
		C9A2B82019AFBBD600662321 /* FLEXFileBrowserSearchOperation.m */ = {isa = PBXFileReference; fileEncoding = 4; lastKnownFileType = sourcecode.c.objc; path = FLEXFileBrowserSearchOperation.m; sourceTree = "<group>"; };
		C9A2B82119AFBBD600662321 /* FLEXFileBrowserTableViewController.h */ = {isa = PBXFileReference; fileEncoding = 4; lastKnownFileType = sourcecode.c.h; path = FLEXFileBrowserTableViewController.h; sourceTree = "<group>"; };
		C9A2B82219AFBBD600662321 /* FLEXFileBrowserTableViewController.m */ = {isa = PBXFileReference; fileEncoding = 4; lastKnownFileType = sourcecode.c.objc; path = FLEXFileBrowserTableViewController.m; sourceTree = "<group>"; };
		C9A2B82319AFBBD600662321 /* FLEXGlobalsTableViewController.h */ = {isa = PBXFileReference; fileEncoding = 4; lastKnownFileType = sourcecode.c.h; path = FLEXGlobalsTableViewController.h; sourceTree = "<group>"; };
		C9A2B82419AFBBD600662321 /* FLEXGlobalsTableViewController.m */ = {isa = PBXFileReference; fileEncoding = 4; lastKnownFileType = sourcecode.c.objc; path = FLEXGlobalsTableViewController.m; sourceTree = "<group>"; };
		C9A2B82519AFBBD600662321 /* FLEXInstancesTableViewController.h */ = {isa = PBXFileReference; fileEncoding = 4; lastKnownFileType = sourcecode.c.h; path = FLEXInstancesTableViewController.h; sourceTree = "<group>"; };
		C9A2B82619AFBBD600662321 /* FLEXInstancesTableViewController.m */ = {isa = PBXFileReference; fileEncoding = 4; lastKnownFileType = sourcecode.c.objc; path = FLEXInstancesTableViewController.m; sourceTree = "<group>"; };
		C9A2B82719AFBBD600662321 /* FLEXLibrariesTableViewController.h */ = {isa = PBXFileReference; fileEncoding = 4; lastKnownFileType = sourcecode.c.h; path = FLEXLibrariesTableViewController.h; sourceTree = "<group>"; };
		C9A2B82819AFBBD600662321 /* FLEXLibrariesTableViewController.m */ = {isa = PBXFileReference; fileEncoding = 4; lastKnownFileType = sourcecode.c.objc; path = FLEXLibrariesTableViewController.m; sourceTree = "<group>"; };
		C9A2B82919AFBBD600662321 /* FLEXLiveObjectsTableViewController.h */ = {isa = PBXFileReference; fileEncoding = 4; lastKnownFileType = sourcecode.c.h; path = FLEXLiveObjectsTableViewController.h; sourceTree = "<group>"; };
		C9A2B82A19AFBBD600662321 /* FLEXLiveObjectsTableViewController.m */ = {isa = PBXFileReference; fileEncoding = 4; lastKnownFileType = sourcecode.c.objc; path = FLEXLiveObjectsTableViewController.m; sourceTree = "<group>"; };
		C9A2B82B19AFBBD600662321 /* FLEXWebViewController.h */ = {isa = PBXFileReference; fileEncoding = 4; lastKnownFileType = sourcecode.c.h; path = FLEXWebViewController.h; sourceTree = "<group>"; };
		C9A2B82C19AFBBD600662321 /* FLEXWebViewController.m */ = {isa = PBXFileReference; fileEncoding = 4; lastKnownFileType = sourcecode.c.objc; path = FLEXWebViewController.m; sourceTree = "<group>"; };
		C9A2B82E19AFBBD600662321 /* FLEXArrayExplorerViewController.h */ = {isa = PBXFileReference; fileEncoding = 4; lastKnownFileType = sourcecode.c.h; path = FLEXArrayExplorerViewController.h; sourceTree = "<group>"; };
		C9A2B82F19AFBBD600662321 /* FLEXArrayExplorerViewController.m */ = {isa = PBXFileReference; fileEncoding = 4; lastKnownFileType = sourcecode.c.objc; path = FLEXArrayExplorerViewController.m; sourceTree = "<group>"; };
		C9A2B83019AFBBD600662321 /* FLEXClassExplorerViewController.h */ = {isa = PBXFileReference; fileEncoding = 4; lastKnownFileType = sourcecode.c.h; path = FLEXClassExplorerViewController.h; sourceTree = "<group>"; };
		C9A2B83119AFBBD600662321 /* FLEXClassExplorerViewController.m */ = {isa = PBXFileReference; fileEncoding = 4; lastKnownFileType = sourcecode.c.objc; path = FLEXClassExplorerViewController.m; sourceTree = "<group>"; };
		C9A2B83219AFBBD600662321 /* FLEXDefaultsExplorerViewController.h */ = {isa = PBXFileReference; fileEncoding = 4; lastKnownFileType = sourcecode.c.h; path = FLEXDefaultsExplorerViewController.h; sourceTree = "<group>"; };
		C9A2B83319AFBBD600662321 /* FLEXDefaultsExplorerViewController.m */ = {isa = PBXFileReference; fileEncoding = 4; lastKnownFileType = sourcecode.c.objc; path = FLEXDefaultsExplorerViewController.m; sourceTree = "<group>"; };
		C9A2B83419AFBBD600662321 /* FLEXDescriptionTableViewCell.h */ = {isa = PBXFileReference; fileEncoding = 4; lastKnownFileType = sourcecode.c.h; path = FLEXDescriptionTableViewCell.h; sourceTree = "<group>"; };
		C9A2B83519AFBBD600662321 /* FLEXDescriptionTableViewCell.m */ = {isa = PBXFileReference; fileEncoding = 4; lastKnownFileType = sourcecode.c.objc; path = FLEXDescriptionTableViewCell.m; sourceTree = "<group>"; };
		C9A2B83619AFBBD600662321 /* FLEXDictionaryExplorerViewController.h */ = {isa = PBXFileReference; fileEncoding = 4; lastKnownFileType = sourcecode.c.h; path = FLEXDictionaryExplorerViewController.h; sourceTree = "<group>"; };
		C9A2B83719AFBBD600662321 /* FLEXDictionaryExplorerViewController.m */ = {isa = PBXFileReference; fileEncoding = 4; lastKnownFileType = sourcecode.c.objc; path = FLEXDictionaryExplorerViewController.m; sourceTree = "<group>"; };
		C9A2B83819AFBBD600662321 /* FLEXGlobalsTableViewControllerEntry.h */ = {isa = PBXFileReference; fileEncoding = 4; lastKnownFileType = sourcecode.c.h; path = FLEXGlobalsTableViewControllerEntry.h; sourceTree = "<group>"; };
		C9A2B83919AFBBD600662321 /* FLEXGlobalsTableViewControllerEntry.m */ = {isa = PBXFileReference; fileEncoding = 4; lastKnownFileType = sourcecode.c.objc; path = FLEXGlobalsTableViewControllerEntry.m; sourceTree = "<group>"; };
		C9A2B83A19AFBBD600662321 /* FLEXImageExplorerViewController.h */ = {isa = PBXFileReference; fileEncoding = 4; lastKnownFileType = sourcecode.c.h; path = FLEXImageExplorerViewController.h; sourceTree = "<group>"; };
		C9A2B83B19AFBBD600662321 /* FLEXImageExplorerViewController.m */ = {isa = PBXFileReference; fileEncoding = 4; lastKnownFileType = sourcecode.c.objc; path = FLEXImageExplorerViewController.m; sourceTree = "<group>"; };
		C9A2B83C19AFBBD600662321 /* FLEXObjectExplorerFactory.h */ = {isa = PBXFileReference; fileEncoding = 4; lastKnownFileType = sourcecode.c.h; path = FLEXObjectExplorerFactory.h; sourceTree = "<group>"; };
		C9A2B83D19AFBBD600662321 /* FLEXObjectExplorerFactory.m */ = {isa = PBXFileReference; fileEncoding = 4; lastKnownFileType = sourcecode.c.objc; path = FLEXObjectExplorerFactory.m; sourceTree = "<group>"; };
		C9A2B83E19AFBBD600662321 /* FLEXObjectExplorerViewController.h */ = {isa = PBXFileReference; fileEncoding = 4; lastKnownFileType = sourcecode.c.h; path = FLEXObjectExplorerViewController.h; sourceTree = "<group>"; };
		C9A2B83F19AFBBD600662321 /* FLEXObjectExplorerViewController.m */ = {isa = PBXFileReference; fileEncoding = 4; lastKnownFileType = sourcecode.c.objc; path = FLEXObjectExplorerViewController.m; sourceTree = "<group>"; };
		C9A2B84019AFBBD600662321 /* FLEXSetExplorerViewController.h */ = {isa = PBXFileReference; fileEncoding = 4; lastKnownFileType = sourcecode.c.h; path = FLEXSetExplorerViewController.h; sourceTree = "<group>"; };
		C9A2B84119AFBBD600662321 /* FLEXSetExplorerViewController.m */ = {isa = PBXFileReference; fileEncoding = 4; lastKnownFileType = sourcecode.c.objc; path = FLEXSetExplorerViewController.m; sourceTree = "<group>"; };
		C9A2B84219AFBBD600662321 /* FLEXViewControllerExplorerViewController.h */ = {isa = PBXFileReference; fileEncoding = 4; lastKnownFileType = sourcecode.c.h; path = FLEXViewControllerExplorerViewController.h; sourceTree = "<group>"; };
		C9A2B84319AFBBD600662321 /* FLEXViewControllerExplorerViewController.m */ = {isa = PBXFileReference; fileEncoding = 4; lastKnownFileType = sourcecode.c.objc; path = FLEXViewControllerExplorerViewController.m; sourceTree = "<group>"; };
		C9A2B84419AFBBD600662321 /* FLEXViewExplorerViewController.h */ = {isa = PBXFileReference; fileEncoding = 4; lastKnownFileType = sourcecode.c.h; path = FLEXViewExplorerViewController.h; sourceTree = "<group>"; };
		C9A2B84519AFBBD600662321 /* FLEXViewExplorerViewController.m */ = {isa = PBXFileReference; fileEncoding = 4; lastKnownFileType = sourcecode.c.objc; path = FLEXViewExplorerViewController.m; sourceTree = "<group>"; };
		C9A2B84719AFBBD600662321 /* FLEXHeapEnumerator.h */ = {isa = PBXFileReference; fileEncoding = 4; lastKnownFileType = sourcecode.c.h; path = FLEXHeapEnumerator.h; sourceTree = "<group>"; };
		C9A2B84819AFBBD600662321 /* FLEXHeapEnumerator.m */ = {isa = PBXFileReference; fileEncoding = 4; lastKnownFileType = sourcecode.c.objc; path = FLEXHeapEnumerator.m; sourceTree = "<group>"; };
		C9A2B84919AFBBD600662321 /* FLEXResources.h */ = {isa = PBXFileReference; fileEncoding = 4; lastKnownFileType = sourcecode.c.h; path = FLEXResources.h; sourceTree = "<group>"; };
		C9A2B84A19AFBBD600662321 /* FLEXResources.m */ = {isa = PBXFileReference; fileEncoding = 4; lastKnownFileType = sourcecode.c.objc; path = FLEXResources.m; sourceTree = "<group>"; };
		C9A2B84B19AFBBD600662321 /* FLEXRuntimeUtility.h */ = {isa = PBXFileReference; fileEncoding = 4; lastKnownFileType = sourcecode.c.h; path = FLEXRuntimeUtility.h; sourceTree = "<group>"; };
		C9A2B84C19AFBBD600662321 /* FLEXRuntimeUtility.m */ = {isa = PBXFileReference; fileEncoding = 4; lastKnownFileType = sourcecode.c.objc; path = FLEXRuntimeUtility.m; sourceTree = "<group>"; };
		C9A2B84D19AFBBD600662321 /* FLEXUtility.h */ = {isa = PBXFileReference; fileEncoding = 4; lastKnownFileType = sourcecode.c.h; path = FLEXUtility.h; sourceTree = "<group>"; };
		C9A2B84E19AFBBD600662321 /* FLEXUtility.m */ = {isa = PBXFileReference; fileEncoding = 4; lastKnownFileType = sourcecode.c.objc; path = FLEXUtility.m; sourceTree = "<group>"; };
		C9A2B85019AFBBD600662321 /* FLEXHierarchyTableViewCell.h */ = {isa = PBXFileReference; fileEncoding = 4; lastKnownFileType = sourcecode.c.h; path = FLEXHierarchyTableViewCell.h; sourceTree = "<group>"; };
		C9A2B85119AFBBD600662321 /* FLEXHierarchyTableViewCell.m */ = {isa = PBXFileReference; fileEncoding = 4; lastKnownFileType = sourcecode.c.objc; path = FLEXHierarchyTableViewCell.m; sourceTree = "<group>"; };
		C9A2B85219AFBBD600662321 /* FLEXHierarchyTableViewController.h */ = {isa = PBXFileReference; fileEncoding = 4; lastKnownFileType = sourcecode.c.h; path = FLEXHierarchyTableViewController.h; sourceTree = "<group>"; };
		C9A2B85319AFBBD600662321 /* FLEXHierarchyTableViewController.m */ = {isa = PBXFileReference; fileEncoding = 4; lastKnownFileType = sourcecode.c.objc; path = FLEXHierarchyTableViewController.m; sourceTree = "<group>"; };
		C9A2B85419AFBBD600662321 /* FLEXImagePreviewViewController.h */ = {isa = PBXFileReference; fileEncoding = 4; lastKnownFileType = sourcecode.c.h; path = FLEXImagePreviewViewController.h; sourceTree = "<group>"; };
		C9A2B85519AFBBD600662321 /* FLEXImagePreviewViewController.m */ = {isa = PBXFileReference; fileEncoding = 4; lastKnownFileType = sourcecode.c.objc; path = FLEXImagePreviewViewController.m; sourceTree = "<group>"; };
		C9A2B89B19AFBBD600662321 /* LICENSE */ = {isa = PBXFileReference; fileEncoding = 4; lastKnownFileType = text; name = LICENSE; path = Externals/FLEX/LICENSE; sourceTree = SOURCE_ROOT; };
		C9A2B89C19AFBBD600662321 /* README.md */ = {isa = PBXFileReference; fileEncoding = 4; lastKnownFileType = text; name = README.md; path = Externals/FLEX/README.md; sourceTree = SOURCE_ROOT; };
		C9A2B94619AFBC0500662321 /* Cedar.xcodeproj */ = {isa = PBXFileReference; lastKnownFileType = "wrapper.pb-project"; name = Cedar.xcodeproj; path = Externals/cedar/Cedar.xcodeproj; sourceTree = SOURCE_ROOT; };
		C9A2BC0419AFC7AF00662321 /* LICENSE */ = {isa = PBXFileReference; fileEncoding = 4; lastKnownFileType = text; path = LICENSE; sourceTree = "<group>"; };
		C9A2BC0519AFC7AF00662321 /* MBProgressHUD-Prefix.pch */ = {isa = PBXFileReference; fileEncoding = 4; lastKnownFileType = sourcecode.c.h; path = "MBProgressHUD-Prefix.pch"; sourceTree = "<group>"; };
		C9A2BC0619AFC7AF00662321 /* MBProgressHUD.h */ = {isa = PBXFileReference; fileEncoding = 4; lastKnownFileType = sourcecode.c.h; path = MBProgressHUD.h; sourceTree = "<group>"; };
		C9A2BC0719AFC7AF00662321 /* MBProgressHUD.m */ = {isa = PBXFileReference; fileEncoding = 4; lastKnownFileType = sourcecode.c.objc; path = MBProgressHUD.m; sourceTree = "<group>"; };
		C9A2BC0D19AFC7AF00662321 /* README.mdown */ = {isa = PBXFileReference; fileEncoding = 4; lastKnownFileType = text; path = README.mdown; sourceTree = "<group>"; };
		C9A2BC3119AFC93800662321 /* UIKit.framework */ = {isa = PBXFileReference; lastKnownFileType = wrapper.framework; name = UIKit.framework; path = System/Library/Frameworks/UIKit.framework; sourceTree = SDKROOT; };
		C9A2BC3319AFC96600662321 /* libz.dylib */ = {isa = PBXFileReference; lastKnownFileType = "compiled.mach-o.dylib"; name = libz.dylib; path = usr/lib/libz.dylib; sourceTree = SDKROOT; };
/* End PBXFileReference section */

/* Begin PBXFrameworksBuildPhase section */
		C95A286619B137FB00535906 /* Frameworks */ = {
			isa = PBXFrameworksBuildPhase;
			buildActionMask = 2147483647;
			files = (
				C95A289A19B13D3A00535906 /* libz.dylib in Frameworks */,
				C95A286B19B137FB00535906 /* CoreGraphics.framework in Frameworks */,
				C95A286C19B137FB00535906 /* UIKit.framework in Frameworks */,
				C95A286A19B137FB00535906 /* Foundation.framework in Frameworks */,
			);
			runOnlyForDeploymentPostprocessing = 0;
		};
		C9A2B40119AFAD0000662321 /* Frameworks */ = {
			isa = PBXFrameworksBuildPhase;
			buildActionMask = 2147483647;
			files = (
				C9710F3719AFF69F009173DE /* libz.dylib in Frameworks */,
				C9A2B40719AFAD0000662321 /* CoreGraphics.framework in Frameworks */,
				C9A2B40519AFAD0000662321 /* UIKit.framework in Frameworks */,
				C95A284F19B12F5400535906 /* Cedar-iOS.framework in Frameworks */,
				C9A2B40619AFAD0000662321 /* Foundation.framework in Frameworks */,
			);
			runOnlyForDeploymentPostprocessing = 0;
		};
/* End PBXFrameworksBuildPhase section */

/* Begin PBXGroup section */
		C95A286D19B137FB00535906 /* Demo */ = {
			isa = PBXGroup;
			children = (
				C95A287619B137FB00535906 /* BUGAppDelegate.h */,
				C95A287719B137FB00535906 /* BUGAppDelegate.m */,
				C95A289419B138AE00535906 /* BUGDemoViewController.h */,
				C95A289519B138AE00535906 /* BUGDemoViewController.m */,
				C95A289619B138AE00535906 /* BUGDemoViewController.xib */,
				C95A287919B137FB00535906 /* Images.xcassets */,
				C95A286E19B137FB00535906 /* Supporting Files */,
			);
			path = Demo;
			sourceTree = "<group>";
		};
		C95A286E19B137FB00535906 /* Supporting Files */ = {
			isa = PBXGroup;
			children = (
				C95A286F19B137FB00535906 /* Demo-Info.plist */,
				C95A287019B137FB00535906 /* InfoPlist.strings */,
				C95A287319B137FB00535906 /* main.m */,
				C95A287519B137FB00535906 /* Demo-Prefix.pch */,
			);
			name = "Supporting Files";
			sourceTree = "<group>";
		};
		C9710F3819AFF7E2009173DE /* UI */ = {
			isa = PBXGroup;
			children = (
				C9710F3B19AFF892009173DE /* Controllers */,
			);
			name = UI;
			sourceTree = "<group>";
		};
		C9710F3B19AFF892009173DE /* Controllers */ = {
			isa = PBXGroup;
			children = (
				C9710F3919AFF88D009173DE /* BUGWackerViewControllerSpec.mm */,
			);
			name = Controllers;
			sourceTree = "<group>";
		};
		C9710F4A19B0ED47009173DE /* Extensions */ = {
			isa = PBXGroup;
			children = (
				C9710F4B19B0F8AB009173DE /* UIAlertView+Spec.h */,
				C9710F4C19B0F8AB009173DE /* UIAlertView+Spec.m */,
				C9710F4719B0ED3F009173DE /* UIView+Spec.h */,
				C9710F4819B0ED3F009173DE /* UIView+Spec.m */,
			);
			name = Extensions;
			sourceTree = "<group>";
		};
		C9710F4E19B11B31009173DE /* Stubs */ = {
			isa = PBXGroup;
			children = (
				C9710F4F19B11BC6009173DE /* BUGPivotalTrackerInterface+Spec.h */,
				C9710F5019B11BC6009173DE /* BUGPivotalTrackerInterface+Spec.m */,
			);
			name = Stubs;
			sourceTree = "<group>";
		};
		C9710F5519B11CCC009173DE /* JRSwizzle */ = {
			isa = PBXGroup;
			children = (
				C9710F5219B11CC6009173DE /* JRSwizzle.h */,
				C9710F5319B11CC6009173DE /* JRSwizzle.m */,
			);
			name = JRSwizzle;
			sourceTree = "<group>";
		};
		C99EEBC419B649400039B82D /* BugWackerResources */ = {
			isa = PBXGroup;
			children = (
				C99EEBC519B649400039B82D /* Supporting Files */,
			);
			path = BugWackerResources;
			sourceTree = "<group>";
		};
		C99EEBC519B649400039B82D /* Supporting Files */ = {
			isa = PBXGroup;
			children = (
				C99EEBC619B649400039B82D /* BugWackerResources-Info.plist */,
				C99EEBC719B649400039B82D /* InfoPlist.strings */,
				C99EEBCA19B649400039B82D /* BugWackerResources-Prefix.pch */,
			);
			name = "Supporting Files";
			sourceTree = "<group>";
		};
		C9A2B38E19AFA66100662321 = {
			isa = PBXGroup;
			children = (
				C9A2B39C19AFA66100662321 /* App */,
				C9A2B7E719AFBBA500662321 /* Externals */,
				C9A2B40819AFAD0000662321 /* Specs */,
				C99EEBC419B649400039B82D /* BugWackerResources */,
				C9A2B39919AFA66100662321 /* Frameworks */,
				C9A2B39819AFA66100662321 /* Products */,
				C95A286D19B137FB00535906 /* Demo */,
			);
			sourceTree = "<group>";
		};
		C9A2B39819AFA66100662321 /* Products */ = {
			isa = PBXGroup;
			children = (
				C9A2B40419AFAD0000662321 /* Specs.app */,
				C95A286919B137FB00535906 /* Demo.app */,
			);
			name = Products;
			sourceTree = "<group>";
		};
		C9A2B39919AFA66100662321 /* Frameworks */ = {
			isa = PBXGroup;
			children = (
				C95A284E19B12F5400535906 /* Cedar-iOS.framework */,
				C9A2BC3319AFC96600662321 /* libz.dylib */,
				C9A2BC3119AFC93800662321 /* UIKit.framework */,
				C9A2B39A19AFA66100662321 /* Foundation.framework */,
				C9A2B3A819AFA66100662321 /* XCTest.framework */,
				C9A2B3AB19AFA66100662321 /* UIKit.framework */,
				C9A2B3C919AFA9D500662321 /* SenTestingKit.framework */,
				C9A2B3CB19AFA9D500662321 /* CoreGraphics.framework */,
				C99EEBC219B649400039B82D /* CoreFoundation.framework */,
			);
			name = Frameworks;
			sourceTree = "<group>";
		};
		C9A2B39C19AFA66100662321 /* App */ = {
			isa = PBXGroup;
			children = (
				C9A2B43119AFB24A00662321 /* Domain */,
				C9A2B42119AFAE3100662321 /* UI */,
				C99EEBD519B659540039B82D /* BugWacker.h */,
				C9A2B39D19AFA66100662321 /* Supporting Files */,
			);
			path = App;
			sourceTree = "<group>";
		};
		C9A2B39D19AFA66100662321 /* Supporting Files */ = {
			isa = PBXGroup;
			children = (
				C9A2B39E19AFA66100662321 /* BugWacker-Prefix.pch */,
			);
			name = "Supporting Files";
			sourceTree = "<group>";
		};
		C9A2B40819AFAD0000662321 /* Specs */ = {
			isa = PBXGroup;
			children = (
				C9710F4E19B11B31009173DE /* Stubs */,
				C9710F4A19B0ED47009173DE /* Extensions */,
				C9710F3819AFF7E2009173DE /* UI */,
				C9A2B40919AFAD0000662321 /* Supporting Files */,
			);
			path = Specs;
			sourceTree = "<group>";
		};
		C9A2B40919AFAD0000662321 /* Supporting Files */ = {
			isa = PBXGroup;
			children = (
				C9A2B41119AFAD0000662321 /* Rakefile */,
				C9A2B41419AFAD0100662321 /* Default-568h@2x.png */,
				C9A2B40A19AFAD0000662321 /* Specs-Info.plist */,
				C9A2B40B19AFAD0000662321 /* InfoPlist.strings */,
				C9A2B40E19AFAD0000662321 /* main.m */,
				C9A2B41019AFAD0000662321 /* Specs-Prefix.pch */,
			);
			name = "Supporting Files";
			sourceTree = "<group>";
		};
		C9A2B42119AFAE3100662321 /* UI */ = {
			isa = PBXGroup;
			children = (
				C9A2B42C19AFB15C00662321 /* Extensions */,
				C9A2B43719AFB34700662321 /* Controllers */,
			);
			name = UI;
			sourceTree = "<group>";
		};
		C9A2B42C19AFB15C00662321 /* Extensions */ = {
			isa = PBXGroup;
			children = (
				C9A2B42E19AFB18200662321 /* UIWindow+BUG.m */,
			);
			name = Extensions;
			sourceTree = "<group>";
		};
		C9A2B43119AFB24A00662321 /* Domain */ = {
			isa = PBXGroup;
			children = (
				C9A2B43219AFB25900662321 /* Interfaces */,
			);
			name = Domain;
			sourceTree = "<group>";
		};
		C9A2B43219AFB25900662321 /* Interfaces */ = {
			isa = PBXGroup;
			children = (
				C9A2B43319AFB2B500662321 /* BUGPivotalTrackerInterface.h */,
				C9A2B43419AFB2B500662321 /* BUGPivotalTrackerInterface.m */,
			);
			name = Interfaces;
			sourceTree = "<group>";
		};
		C9A2B43719AFB34700662321 /* Controllers */ = {
			isa = PBXGroup;
			children = (
				C9A2B42219AFAF0200662321 /* BUGWackerViewController.h */,
				C9A2B42319AFAF0200662321 /* BUGWackerViewController.m */,
				C9A2B42419AFAF0200662321 /* BUGWackerViewController.xib */,
			);
			name = Controllers;
			sourceTree = "<group>";
		};
		C9A2B7E719AFBBA500662321 /* Externals */ = {
			isa = PBXGroup;
			children = (
				C9710F5519B11CCC009173DE /* JRSwizzle */,
				C9A2B94319AFBBE700662321 /* cedar */,
				C9A2B7E819AFBBB300662321 /* FLEX */,
				C9A2BBE419AFC7AF00662321 /* MBProgressHUD */,
			);
			name = Externals;
			path = App;
			sourceTree = "<group>";
		};
		C9A2B7E819AFBBB300662321 /* FLEX */ = {
			isa = PBXGroup;
			children = (
				C9A2B7E919AFBBD600662321 /* Classes */,
				C9A2B89B19AFBBD600662321 /* LICENSE */,
				C9A2B89C19AFBBD600662321 /* README.md */,
			);
			name = FLEX;
			sourceTree = "<group>";
		};
		C9A2B7E919AFBBD600662321 /* Classes */ = {
			isa = PBXGroup;
			children = (
				C9A2B7EA19AFBBD600662321 /* Editing */,
				C9A2B81019AFBBD600662321 /* Explorer Toolbar */,
				C9A2B81C19AFBBD600662321 /* Global State Explorers */,
				C9A2B82D19AFBBD600662321 /* Object Explorers */,
				C9A2B84619AFBBD600662321 /* Utility */,
				C9A2B84F19AFBBD600662321 /* View Hierarchy */,
			);
			name = Classes;
			path = Externals/FLEX/Classes;
			sourceTree = SOURCE_ROOT;
		};
		C9A2B7EA19AFBBD600662321 /* Editing */ = {
			isa = PBXGroup;
			children = (
				C9A2B7EB19AFBBD600662321 /* Argument Input Views */,
				C9A2B80419AFBBD600662321 /* FLEXDefaultEditorViewController.h */,
				C9A2B80519AFBBD600662321 /* FLEXDefaultEditorViewController.m */,
				C9A2B80619AFBBD600662321 /* FLEXFieldEditorView.h */,
				C9A2B80719AFBBD600662321 /* FLEXFieldEditorView.m */,
				C9A2B80819AFBBD600662321 /* FLEXFieldEditorViewController.h */,
				C9A2B80919AFBBD600662321 /* FLEXFieldEditorViewController.m */,
				C9A2B80A19AFBBD600662321 /* FLEXIvarEditorViewController.h */,
				C9A2B80B19AFBBD600662321 /* FLEXIvarEditorViewController.m */,
				C9A2B80C19AFBBD600662321 /* FLEXMethodCallingViewController.h */,
				C9A2B80D19AFBBD600662321 /* FLEXMethodCallingViewController.m */,
				C9A2B80E19AFBBD600662321 /* FLEXPropertyEditorViewController.h */,
				C9A2B80F19AFBBD600662321 /* FLEXPropertyEditorViewController.m */,
			);
			path = Editing;
			sourceTree = "<group>";
		};
		C9A2B7EB19AFBBD600662321 /* Argument Input Views */ = {
			isa = PBXGroup;
			children = (
				C9A2B7EC19AFBBD600662321 /* FLEXArgumentInputColorView.h */,
				C9A2B7ED19AFBBD600662321 /* FLEXArgumentInputColorView.m */,
				C9A2B7EE19AFBBD600662321 /* FLEXArgumentInputFontsPickerView.h */,
				C9A2B7EF19AFBBD600662321 /* FLEXArgumentInputFontsPickerView.m */,
				C9A2B7F019AFBBD600662321 /* FLEXArgumentInputFontView.h */,
				C9A2B7F119AFBBD600662321 /* FLEXArgumentInputFontView.m */,
				C9A2B7F219AFBBD600662321 /* FLEXArgumentInputJSONObjectView.h */,
				C9A2B7F319AFBBD600662321 /* FLEXArgumentInputJSONObjectView.m */,
				C9A2B7F419AFBBD600662321 /* FLEXArgumentInputNotSupportedView.h */,
				C9A2B7F519AFBBD600662321 /* FLEXArgumentInputNotSupportedView.m */,
				C9A2B7F619AFBBD600662321 /* FLEXArgumentInputNumberView.h */,
				C9A2B7F719AFBBD600662321 /* FLEXArgumentInputNumberView.m */,
				C9A2B7F819AFBBD600662321 /* FLEXArgumentInputStringView.h */,
				C9A2B7F919AFBBD600662321 /* FLEXArgumentInputStringView.m */,
				C9A2B7FA19AFBBD600662321 /* FLEXArgumentInputStructView.h */,
				C9A2B7FB19AFBBD600662321 /* FLEXArgumentInputStructView.m */,
				C9A2B7FC19AFBBD600662321 /* FLEXArgumentInputSwitchView.h */,
				C9A2B7FD19AFBBD600662321 /* FLEXArgumentInputSwitchView.m */,
				C9A2B7FE19AFBBD600662321 /* FLEXArgumentInputTextView.h */,
				C9A2B7FF19AFBBD600662321 /* FLEXArgumentInputTextView.m */,
				C9A2B80019AFBBD600662321 /* FLEXArgumentInputView.h */,
				C9A2B80119AFBBD600662321 /* FLEXArgumentInputView.m */,
				C9A2B80219AFBBD600662321 /* FLEXArgumentInputViewFactory.h */,
				C9A2B80319AFBBD600662321 /* FLEXArgumentInputViewFactory.m */,
			);
			path = "Argument Input Views";
			sourceTree = "<group>";
		};
		C9A2B81019AFBBD600662321 /* Explorer Toolbar */ = {
			isa = PBXGroup;
			children = (
				C9A2B81119AFBBD600662321 /* FLEXExplorerToolbar.h */,
				C9A2B81219AFBBD600662321 /* FLEXExplorerToolbar.m */,
				C9A2B81319AFBBD600662321 /* FLEXExplorerViewController.h */,
				C9A2B81419AFBBD600662321 /* FLEXExplorerViewController.m */,
				C9A2B81519AFBBD600662321 /* FLEXManager+Private.h */,
				C9A2B81619AFBBD600662321 /* FLEXManager.h */,
				C9A2B81719AFBBD600662321 /* FLEXManager.m */,
				C9A2B81819AFBBD600662321 /* FLEXToolbarItem.h */,
				C9A2B81919AFBBD600662321 /* FLEXToolbarItem.m */,
				C9A2B81A19AFBBD600662321 /* FLEXWindow.h */,
				C9A2B81B19AFBBD600662321 /* FLEXWindow.m */,
			);
			path = "Explorer Toolbar";
			sourceTree = "<group>";
		};
		C9A2B81C19AFBBD600662321 /* Global State Explorers */ = {
			isa = PBXGroup;
			children = (
				C9A2B81D19AFBBD600662321 /* FLEXClassesTableViewController.h */,
				C9A2B81E19AFBBD600662321 /* FLEXClassesTableViewController.m */,
				C9A2B81F19AFBBD600662321 /* FLEXFileBrowserSearchOperation.h */,
				C9A2B82019AFBBD600662321 /* FLEXFileBrowserSearchOperation.m */,
				C9A2B82119AFBBD600662321 /* FLEXFileBrowserTableViewController.h */,
				C9A2B82219AFBBD600662321 /* FLEXFileBrowserTableViewController.m */,
				C9A2B82319AFBBD600662321 /* FLEXGlobalsTableViewController.h */,
				C9A2B82419AFBBD600662321 /* FLEXGlobalsTableViewController.m */,
				C9A2B82519AFBBD600662321 /* FLEXInstancesTableViewController.h */,
				C9A2B82619AFBBD600662321 /* FLEXInstancesTableViewController.m */,
				C9A2B82719AFBBD600662321 /* FLEXLibrariesTableViewController.h */,
				C9A2B82819AFBBD600662321 /* FLEXLibrariesTableViewController.m */,
				C9A2B82919AFBBD600662321 /* FLEXLiveObjectsTableViewController.h */,
				C9A2B82A19AFBBD600662321 /* FLEXLiveObjectsTableViewController.m */,
				C9A2B82B19AFBBD600662321 /* FLEXWebViewController.h */,
				C9A2B82C19AFBBD600662321 /* FLEXWebViewController.m */,
			);
			path = "Global State Explorers";
			sourceTree = "<group>";
		};
		C9A2B82D19AFBBD600662321 /* Object Explorers */ = {
			isa = PBXGroup;
			children = (
				C9A2B82E19AFBBD600662321 /* FLEXArrayExplorerViewController.h */,
				C9A2B82F19AFBBD600662321 /* FLEXArrayExplorerViewController.m */,
				C9A2B83019AFBBD600662321 /* FLEXClassExplorerViewController.h */,
				C9A2B83119AFBBD600662321 /* FLEXClassExplorerViewController.m */,
				C9A2B83219AFBBD600662321 /* FLEXDefaultsExplorerViewController.h */,
				C9A2B83319AFBBD600662321 /* FLEXDefaultsExplorerViewController.m */,
				C9A2B83419AFBBD600662321 /* FLEXDescriptionTableViewCell.h */,
				C9A2B83519AFBBD600662321 /* FLEXDescriptionTableViewCell.m */,
				C9A2B83619AFBBD600662321 /* FLEXDictionaryExplorerViewController.h */,
				C9A2B83719AFBBD600662321 /* FLEXDictionaryExplorerViewController.m */,
				C9A2B83819AFBBD600662321 /* FLEXGlobalsTableViewControllerEntry.h */,
				C9A2B83919AFBBD600662321 /* FLEXGlobalsTableViewControllerEntry.m */,
				C9A2B83A19AFBBD600662321 /* FLEXImageExplorerViewController.h */,
				C9A2B83B19AFBBD600662321 /* FLEXImageExplorerViewController.m */,
				C9A2B83C19AFBBD600662321 /* FLEXObjectExplorerFactory.h */,
				C9A2B83D19AFBBD600662321 /* FLEXObjectExplorerFactory.m */,
				C9A2B83E19AFBBD600662321 /* FLEXObjectExplorerViewController.h */,
				C9A2B83F19AFBBD600662321 /* FLEXObjectExplorerViewController.m */,
				C9A2B84019AFBBD600662321 /* FLEXSetExplorerViewController.h */,
				C9A2B84119AFBBD600662321 /* FLEXSetExplorerViewController.m */,
				C9A2B84219AFBBD600662321 /* FLEXViewControllerExplorerViewController.h */,
				C9A2B84319AFBBD600662321 /* FLEXViewControllerExplorerViewController.m */,
				C9A2B84419AFBBD600662321 /* FLEXViewExplorerViewController.h */,
				C9A2B84519AFBBD600662321 /* FLEXViewExplorerViewController.m */,
			);
			path = "Object Explorers";
			sourceTree = "<group>";
		};
		C9A2B84619AFBBD600662321 /* Utility */ = {
			isa = PBXGroup;
			children = (
				C9A2B84719AFBBD600662321 /* FLEXHeapEnumerator.h */,
				C9A2B84819AFBBD600662321 /* FLEXHeapEnumerator.m */,
				C9A2B84919AFBBD600662321 /* FLEXResources.h */,
				C9A2B84A19AFBBD600662321 /* FLEXResources.m */,
				C9A2B84B19AFBBD600662321 /* FLEXRuntimeUtility.h */,
				C9A2B84C19AFBBD600662321 /* FLEXRuntimeUtility.m */,
				C9A2B84D19AFBBD600662321 /* FLEXUtility.h */,
				C9A2B84E19AFBBD600662321 /* FLEXUtility.m */,
			);
			path = Utility;
			sourceTree = "<group>";
		};
		C9A2B84F19AFBBD600662321 /* View Hierarchy */ = {
			isa = PBXGroup;
			children = (
				C9A2B85019AFBBD600662321 /* FLEXHierarchyTableViewCell.h */,
				C9A2B85119AFBBD600662321 /* FLEXHierarchyTableViewCell.m */,
				C9A2B85219AFBBD600662321 /* FLEXHierarchyTableViewController.h */,
				C9A2B85319AFBBD600662321 /* FLEXHierarchyTableViewController.m */,
				C9A2B85419AFBBD600662321 /* FLEXImagePreviewViewController.h */,
				C9A2B85519AFBBD600662321 /* FLEXImagePreviewViewController.m */,
			);
			path = "View Hierarchy";
			sourceTree = "<group>";
		};
		C9A2B94319AFBBE700662321 /* cedar */ = {
			isa = PBXGroup;
			children = (
				C9A2B94619AFBC0500662321 /* Cedar.xcodeproj */,
			);
			name = cedar;
			sourceTree = "<group>";
		};
		C9A2B94719AFBC0500662321 /* Products */ = {
			isa = PBXGroup;
			children = (
				C9A2BBCA19AFBC0600662321 /* Cedar.framework */,
				C9A2BBCC19AFBC0600662321 /* Specs */,
				C9A2BBCE19AFBC0600662321 /* FocusedSpecs */,
				C9A2BBD019AFBC0600662321 /* libCedar-StaticLib.a */,
				C9A2BBD219AFBC0600662321 /* iOSSpecs.app */,
				C9A2BBD419AFBC0600662321 /* iOSFrameworkSpecs.app */,
				C9A2BBD619AFBC0600662321 /* OCUnitApp.app */,
				C9A2BBD819AFBC0600662321 /* OCUnitAppTests.octest */,
				C9A2BBDA19AFBC0600662321 /* XCUnitAppTests.xctest */,
				C9A2BBDC19AFBC0600662321 /* OCUnitAppLogicTests.octest */,
			);
			name = Products;
			sourceTree = "<group>";
		};
		C9A2BBE419AFC7AF00662321 /* MBProgressHUD */ = {
			isa = PBXGroup;
			children = (
				C9A2BC0419AFC7AF00662321 /* LICENSE */,
				C9A2BC0519AFC7AF00662321 /* MBProgressHUD-Prefix.pch */,
				C9A2BC0619AFC7AF00662321 /* MBProgressHUD.h */,
				C9A2BC0719AFC7AF00662321 /* MBProgressHUD.m */,
				C9A2BC0D19AFC7AF00662321 /* README.mdown */,
			);
			name = MBProgressHUD;
			path = Externals/MBProgressHUD;
			sourceTree = SOURCE_ROOT;
		};
/* End PBXGroup section */

/* Begin PBXNativeTarget section */
		C95A286819B137FB00535906 /* Demo */ = {
			isa = PBXNativeTarget;
			buildConfigurationList = C95A288D19B137FC00535906 /* Build configuration list for PBXNativeTarget "Demo" */;
			buildPhases = (
				C95A286519B137FB00535906 /* Sources */,
				C95A286619B137FB00535906 /* Frameworks */,
				C95A286719B137FB00535906 /* Resources */,
			);
			buildRules = (
			);
			dependencies = (
			);
			name = Demo;
			productName = Demo;
			productReference = C95A286919B137FB00535906 /* Demo.app */;
			productType = "com.apple.product-type.application";
		};
		C9A2B40319AFAD0000662321 /* Specs */ = {
			isa = PBXNativeTarget;
			buildConfigurationList = C9A2B41819AFAD0100662321 /* Build configuration list for PBXNativeTarget "Specs" */;
			buildPhases = (
				C9A2B40019AFAD0000662321 /* Sources */,
				C9A2B40119AFAD0000662321 /* Frameworks */,
				C9A2B40219AFAD0000662321 /* Resources */,
			);
			buildRules = (
			);
			dependencies = (
			);
			name = Specs;
			productName = Specs;
			productReference = C9A2B40419AFAD0000662321 /* Specs.app */;
			productType = "com.apple.product-type.application";
		};
/* End PBXNativeTarget section */

/* Begin PBXProject section */
		C9A2B38F19AFA66100662321 /* Project object */ = {
			isa = PBXProject;
			attributes = {
				CLASSPREFIX = BUG;
				LastUpgradeCheck = 0510;
				ORGANIZATIONNAME = Flywheel;
			};
			buildConfigurationList = C9A2B39219AFA66100662321 /* Build configuration list for PBXProject "BugWacker" */;
			compatibilityVersion = "Xcode 3.2";
			developmentRegion = English;
			hasScannedForEncodings = 0;
			knownRegions = (
				en,
				Base,
				English,
			);
			mainGroup = C9A2B38E19AFA66100662321;
			productRefGroup = C9A2B39819AFA66100662321 /* Products */;
			projectDirPath = "";
			projectReferences = (
				{
					ProductGroup = C9A2B94719AFBC0500662321 /* Products */;
					ProjectRef = C9A2B94619AFBC0500662321 /* Cedar.xcodeproj */;
				},
			);
			projectRoot = "";
			targets = (
				C9A2B40319AFAD0000662321 /* Specs */,
				C95A286819B137FB00535906 /* Demo */,
			);
		};
/* End PBXProject section */

/* Begin PBXReferenceProxy section */
		C9A2BBCA19AFBC0600662321 /* Cedar.framework */ = {
			isa = PBXReferenceProxy;
			fileType = wrapper.framework;
			path = Cedar.framework;
			remoteRef = C9A2BBC919AFBC0600662321 /* PBXContainerItemProxy */;
			sourceTree = BUILT_PRODUCTS_DIR;
		};
		C9A2BBCC19AFBC0600662321 /* Specs */ = {
			isa = PBXReferenceProxy;
			fileType = "compiled.mach-o.executable";
			path = Specs;
			remoteRef = C9A2BBCB19AFBC0600662321 /* PBXContainerItemProxy */;
			sourceTree = BUILT_PRODUCTS_DIR;
		};
		C9A2BBCE19AFBC0600662321 /* FocusedSpecs */ = {
			isa = PBXReferenceProxy;
			fileType = "compiled.mach-o.executable";
			path = FocusedSpecs;
			remoteRef = C9A2BBCD19AFBC0600662321 /* PBXContainerItemProxy */;
			sourceTree = BUILT_PRODUCTS_DIR;
		};
		C9A2BBD019AFBC0600662321 /* libCedar-StaticLib.a */ = {
			isa = PBXReferenceProxy;
			fileType = archive.ar;
			path = "libCedar-StaticLib.a";
			remoteRef = C9A2BBCF19AFBC0600662321 /* PBXContainerItemProxy */;
			sourceTree = BUILT_PRODUCTS_DIR;
		};
		C9A2BBD219AFBC0600662321 /* iOSSpecs.app */ = {
			isa = PBXReferenceProxy;
			fileType = wrapper.application;
			path = iOSSpecs.app;
			remoteRef = C9A2BBD119AFBC0600662321 /* PBXContainerItemProxy */;
			sourceTree = BUILT_PRODUCTS_DIR;
		};
		C9A2BBD419AFBC0600662321 /* iOSFrameworkSpecs.app */ = {
			isa = PBXReferenceProxy;
			fileType = wrapper.application;
			path = iOSFrameworkSpecs.app;
			remoteRef = C9A2BBD319AFBC0600662321 /* PBXContainerItemProxy */;
			sourceTree = BUILT_PRODUCTS_DIR;
		};
		C9A2BBD619AFBC0600662321 /* OCUnitApp.app */ = {
			isa = PBXReferenceProxy;
			fileType = wrapper.application;
			path = OCUnitApp.app;
			remoteRef = C9A2BBD519AFBC0600662321 /* PBXContainerItemProxy */;
			sourceTree = BUILT_PRODUCTS_DIR;
		};
		C9A2BBD819AFBC0600662321 /* OCUnitAppTests.octest */ = {
			isa = PBXReferenceProxy;
			fileType = wrapper.cfbundle;
			path = OCUnitAppTests.octest;
			remoteRef = C9A2BBD719AFBC0600662321 /* PBXContainerItemProxy */;
			sourceTree = BUILT_PRODUCTS_DIR;
		};
		C9A2BBDA19AFBC0600662321 /* XCUnitAppTests.xctest */ = {
			isa = PBXReferenceProxy;
			fileType = wrapper.cfbundle;
			path = XCUnitAppTests.xctest;
			remoteRef = C9A2BBD919AFBC0600662321 /* PBXContainerItemProxy */;
			sourceTree = BUILT_PRODUCTS_DIR;
		};
		C9A2BBDC19AFBC0600662321 /* OCUnitAppLogicTests.octest */ = {
			isa = PBXReferenceProxy;
			fileType = wrapper.cfbundle;
			path = OCUnitAppLogicTests.octest;
			remoteRef = C9A2BBDB19AFBC0600662321 /* PBXContainerItemProxy */;
			sourceTree = BUILT_PRODUCTS_DIR;
		};
/* End PBXReferenceProxy section */

/* Begin PBXResourcesBuildPhase section */
		C95A286719B137FB00535906 /* Resources */ = {
			isa = PBXResourcesBuildPhase;
			buildActionMask = 2147483647;
			files = (
				C95A289819B138AE00535906 /* BUGDemoViewController.xib in Resources */,
				C95A287219B137FB00535906 /* InfoPlist.strings in Resources */,
				C95A287A19B137FB00535906 /* Images.xcassets in Resources */,
				C99EEBCF19B64A830039B82D /* BUGWackerViewController.xib in Resources */,
			);
			runOnlyForDeploymentPostprocessing = 0;
		};
		C9A2B40219AFAD0000662321 /* Resources */ = {
			isa = PBXResourcesBuildPhase;
			buildActionMask = 2147483647;
			files = (
				C9A2B40D19AFAD0000662321 /* InfoPlist.strings in Resources */,
				C9A2B41519AFAD0100662321 /* Default-568h@2x.png in Resources */,
				C9A2B42719AFAF0200662321 /* BUGWackerViewController.xib in Resources */,
			);
			runOnlyForDeploymentPostprocessing = 0;
		};
/* End PBXResourcesBuildPhase section */

/* Begin PBXSourcesBuildPhase section */
		C95A286519B137FB00535906 /* Sources */ = {
			isa = PBXSourcesBuildPhase;
			buildActionMask = 2147483647;
			files = (
				C99EEC0119B659E10039B82D /* FLEXHeapEnumerator.m in Sources */,
				C99EEBDD19B659930039B82D /* FLEXArgumentInputStructView.m in Sources */,
				C99EEC0619B659E80039B82D /* FLEXHierarchyTableViewController.m in Sources */,
				C99EEBDA19B659930039B82D /* FLEXArgumentInputNotSupportedView.m in Sources */,
				C99EEBD919B659930039B82D /* FLEXArgumentInputJSONObjectView.m in Sources */,
				C99EEBE719B659AC0039B82D /* FLEXPropertyEditorViewController.m in Sources */,
				C99EEBD419B659130039B82D /* UIWindow+BUG.m in Sources */,
				C99EEC0819B65A040039B82D /* MBProgressHUD.m in Sources */,
				C99EEC0319B659E10039B82D /* FLEXRuntimeUtility.m in Sources */,
				C95A287419B137FB00535906 /* main.m in Sources */,
				C99EEBED19B659C30039B82D /* FLEXClassesTableViewController.m in Sources */,
				C99EEBF119B659C30039B82D /* FLEXInstancesTableViewController.m in Sources */,
				C99EEBF219B659C30039B82D /* FLEXLibrariesTableViewController.m in Sources */,
				C99EEBD719B659930039B82D /* FLEXArgumentInputFontsPickerView.m in Sources */,
				C99EEBD619B659930039B82D /* FLEXArgumentInputColorView.m in Sources */,
				C99EEBEF19B659C30039B82D /* FLEXFileBrowserTableViewController.m in Sources */,
				C99EEBDC19B659930039B82D /* FLEXArgumentInputStringView.m in Sources */,
				C99EEBE119B659930039B82D /* FLEXArgumentInputViewFactory.m in Sources */,
				C99EEC0519B659E80039B82D /* FLEXHierarchyTableViewCell.m in Sources */,
				C99EEC0019B659D60039B82D /* FLEXViewExplorerViewController.m in Sources */,
				C99EEBF619B659D60039B82D /* FLEXClassExplorerViewController.m in Sources */,
				C99EEBE619B659AC0039B82D /* FLEXMethodCallingViewController.m in Sources */,
				C99EEBF919B659D60039B82D /* FLEXDictionaryExplorerViewController.m in Sources */,
				C99EEC0419B659E10039B82D /* FLEXUtility.m in Sources */,
				C99EEBDF19B659930039B82D /* FLEXArgumentInputTextView.m in Sources */,
				C99EEBFE19B659D60039B82D /* FLEXSetExplorerViewController.m in Sources */,
				C99EEBEA19B659B60039B82D /* FLEXManager.m in Sources */,
				C99EEBFD19B659D60039B82D /* FLEXObjectExplorerViewController.m in Sources */,
				C99EEBD319B6590C0039B82D /* BUGPivotalTrackerInterface.m in Sources */,
				C99EEBE019B659930039B82D /* FLEXArgumentInputView.m in Sources */,
				C99EEBE519B659AC0039B82D /* FLEXIvarEditorViewController.m in Sources */,
				C99EEC0219B659E10039B82D /* FLEXResources.m in Sources */,
				C99EEBFB19B659D60039B82D /* FLEXImageExplorerViewController.m in Sources */,
				C99EEBFA19B659D60039B82D /* FLEXGlobalsTableViewControllerEntry.m in Sources */,
				C99EEBE819B659B60039B82D /* FLEXExplorerToolbar.m in Sources */,
				C95A289719B138AE00535906 /* BUGDemoViewController.m in Sources */,
				C99EEBE319B659AC0039B82D /* FLEXFieldEditorView.m in Sources */,
				C99EEBE919B659B60039B82D /* FLEXExplorerViewController.m in Sources */,
				C99EEBDE19B659930039B82D /* FLEXArgumentInputSwitchView.m in Sources */,
				C99EEBFC19B659D60039B82D /* FLEXObjectExplorerFactory.m in Sources */,
				C99EEBEB19B659B60039B82D /* FLEXToolbarItem.m in Sources */,
				C99EEBEC19B659B60039B82D /* FLEXWindow.m in Sources */,
				C99EEBF419B659C30039B82D /* FLEXWebViewController.m in Sources */,
				C99EEBFF19B659D60039B82D /* FLEXViewControllerExplorerViewController.m in Sources */,
				C99EEBD819B659930039B82D /* FLEXArgumentInputFontView.m in Sources */,
				C99EEBF719B659D60039B82D /* FLEXDefaultsExplorerViewController.m in Sources */,
				C95A287819B137FB00535906 /* BUGAppDelegate.m in Sources */,
				C99EEBDB19B659930039B82D /* FLEXArgumentInputNumberView.m in Sources */,
				C99EEBE219B659AC0039B82D /* FLEXDefaultEditorViewController.m in Sources */,
				C99EEBF519B659D60039B82D /* FLEXArrayExplorerViewController.m in Sources */,
				C99EEBF319B659C30039B82D /* FLEXLiveObjectsTableViewController.m in Sources */,
				C99EEBF019B659C30039B82D /* FLEXGlobalsTableViewController.m in Sources */,
				C99EEBEE19B659C30039B82D /* FLEXFileBrowserSearchOperation.m in Sources */,
				C99EEC0719B659E80039B82D /* FLEXImagePreviewViewController.m in Sources */,
				C99EEBE419B659AC0039B82D /* FLEXFieldEditorViewController.m in Sources */,
				C99EEBD219B658EF0039B82D /* BUGWackerViewController.m in Sources */,
				C99EEBF819B659D60039B82D /* FLEXDescriptionTableViewCell.m in Sources */,
			);
			runOnlyForDeploymentPostprocessing = 0;
		};
		C9A2B40019AFAD0000662321 /* Sources */ = {
			isa = PBXSourcesBuildPhase;
			buildActionMask = 2147483647;
			files = (
				C9A2B8AA19AFBBD600662321 /* FLEXArgumentInputStringView.m in Sources */,
				C9A2B8E019AFBBD600662321 /* FLEXDefaultsExplorerViewController.m in Sources */,
				C9A2B8A819AFBBD600662321 /* FLEXArgumentInputNumberView.m in Sources */,
				C9A2B8A619AFBBD600662321 /* FLEXArgumentInputNotSupportedView.m in Sources */,
				C9A2B8D419AFBBD600662321 /* FLEXInstancesTableViewController.m in Sources */,
				C9A2B90019AFBBD600662321 /* FLEXImagePreviewViewController.m in Sources */,
				C9A2B8C219AFBBD600662321 /* FLEXExplorerToolbar.m in Sources */,
				C9A2B8EC19AFBBD600662321 /* FLEXObjectExplorerViewController.m in Sources */,
				C9A2B8BC19AFBBD600662321 /* FLEXIvarEditorViewController.m in Sources */,
				C9710F5119B11BC6009173DE /* BUGPivotalTrackerInterface+Spec.m in Sources */,
				C9A2B8DA19AFBBD600662321 /* FLEXWebViewController.m in Sources */,
				C9A2B8E619AFBBD600662321 /* FLEXGlobalsTableViewControllerEntry.m in Sources */,
				C9A2B43019AFB18200662321 /* UIWindow+BUG.m in Sources */,
				C9A2B43619AFB2B500662321 /* BUGPivotalTrackerInterface.m in Sources */,
				C9A2B8B419AFBBD600662321 /* FLEXArgumentInputViewFactory.m in Sources */,
				C9A2B8CE19AFBBD600662321 /* FLEXFileBrowserSearchOperation.m in Sources */,
				C9A2B8E419AFBBD600662321 /* FLEXDictionaryExplorerViewController.m in Sources */,
				C9A2B8AC19AFBBD600662321 /* FLEXArgumentInputStructView.m in Sources */,
				C9710F3A19AFF88D009173DE /* BUGWackerViewControllerSpec.mm in Sources */,
				C9A2B8F619AFBBD600662321 /* FLEXResources.m in Sources */,
				C9A2B8D219AFBBD600662321 /* FLEXGlobalsTableViewController.m in Sources */,
				C9A2BC2719AFC7AF00662321 /* MBProgressHUD.m in Sources */,
				C9A2B8CC19AFBBD600662321 /* FLEXClassesTableViewController.m in Sources */,
				C9A2B8BA19AFBBD600662321 /* FLEXFieldEditorViewController.m in Sources */,
				C9A2B8A219AFBBD600662321 /* FLEXArgumentInputFontView.m in Sources */,
				C9A2B8C419AFBBD600662321 /* FLEXExplorerViewController.m in Sources */,
				C9A2B8D619AFBBD600662321 /* FLEXLibrariesTableViewController.m in Sources */,
				C9710F4D19B0F8AB009173DE /* UIAlertView+Spec.m in Sources */,
				C9A2B8F819AFBBD600662321 /* FLEXRuntimeUtility.m in Sources */,
				C9A2B8AE19AFBBD600662321 /* FLEXArgumentInputSwitchView.m in Sources */,
				C9A2B40F19AFAD0000662321 /* main.m in Sources */,
				C9A2B8B619AFBBD600662321 /* FLEXDefaultEditorViewController.m in Sources */,
				C9A2B8A019AFBBD600662321 /* FLEXArgumentInputFontsPickerView.m in Sources */,
				C9A2B8F419AFBBD600662321 /* FLEXHeapEnumerator.m in Sources */,
				C9710F5419B11CC6009173DE /* JRSwizzle.m in Sources */,
				C9A2B8EA19AFBBD600662321 /* FLEXObjectExplorerFactory.m in Sources */,
				C9A2B8DE19AFBBD600662321 /* FLEXClassExplorerViewController.m in Sources */,
				C9A2B8C819AFBBD600662321 /* FLEXToolbarItem.m in Sources */,
				C9A2B8F019AFBBD600662321 /* FLEXViewControllerExplorerViewController.m in Sources */,
				C9A2B8FE19AFBBD600662321 /* FLEXHierarchyTableViewController.m in Sources */,
				C9A2B8FC19AFBBD600662321 /* FLEXHierarchyTableViewCell.m in Sources */,
				C9A2B8D819AFBBD600662321 /* FLEXLiveObjectsTableViewController.m in Sources */,
				C9A2B8FA19AFBBD600662321 /* FLEXUtility.m in Sources */,
				C9A2B8DC19AFBBD600662321 /* FLEXArrayExplorerViewController.m in Sources */,
				C9A2B8C019AFBBD600662321 /* FLEXPropertyEditorViewController.m in Sources */,
				C9A2B8EE19AFBBD600662321 /* FLEXSetExplorerViewController.m in Sources */,
				C9A2B8B019AFBBD600662321 /* FLEXArgumentInputTextView.m in Sources */,
				C9A2B42619AFAF0200662321 /* BUGWackerViewController.m in Sources */,
				C9A2B8E219AFBBD600662321 /* FLEXDescriptionTableViewCell.m in Sources */,
				C9A2B8BE19AFBBD600662321 /* FLEXMethodCallingViewController.m in Sources */,
				C9A2B8D019AFBBD600662321 /* FLEXFileBrowserTableViewController.m in Sources */,
				C9A2B8A419AFBBD600662321 /* FLEXArgumentInputJSONObjectView.m in Sources */,
				C9A2B89E19AFBBD600662321 /* FLEXArgumentInputColorView.m in Sources */,
				C9A2B8F219AFBBD600662321 /* FLEXViewExplorerViewController.m in Sources */,
				C9A2B8B219AFBBD600662321 /* FLEXArgumentInputView.m in Sources */,
				C9A2B8E819AFBBD600662321 /* FLEXImageExplorerViewController.m in Sources */,
				C9A2B8C619AFBBD600662321 /* FLEXManager.m in Sources */,
				C9710F4919B0ED3F009173DE /* UIView+Spec.m in Sources */,
				C9A2B8CA19AFBBD600662321 /* FLEXWindow.m in Sources */,
				C9A2B8B819AFBBD600662321 /* FLEXFieldEditorView.m in Sources */,
			);
			runOnlyForDeploymentPostprocessing = 0;
		};
/* End PBXSourcesBuildPhase section */

/* Begin PBXVariantGroup section */
		C95A287019B137FB00535906 /* InfoPlist.strings */ = {
			isa = PBXVariantGroup;
			children = (
				C95A287119B137FB00535906 /* en */,
			);
			name = InfoPlist.strings;
			sourceTree = "<group>";
		};
		C99EEBC719B649400039B82D /* InfoPlist.strings */ = {
			isa = PBXVariantGroup;
			children = (
				C99EEBC819B649400039B82D /* en */,
			);
			name = InfoPlist.strings;
			sourceTree = "<group>";
		};
		C9A2B40B19AFAD0000662321 /* InfoPlist.strings */ = {
			isa = PBXVariantGroup;
			children = (
				C9A2B40C19AFAD0000662321 /* en */,
			);
			name = InfoPlist.strings;
			sourceTree = "<group>";
		};
/* End PBXVariantGroup section */

/* Begin XCBuildConfiguration section */
		C95A288E19B137FC00535906 /* Debug */ = {
			isa = XCBuildConfiguration;
			buildSettings = {
				ASSETCATALOG_COMPILER_APPICON_NAME = AppIcon;
				ASSETCATALOG_COMPILER_LAUNCHIMAGE_NAME = LaunchImage;
				"CODE_SIGN_IDENTITY[sdk=iphoneos*]" = "iPhone Developer";
				FRAMEWORK_SEARCH_PATHS = (
					"$(inherited)",
					"$(DEVELOPER_FRAMEWORKS_DIR)",
				);
				GCC_PRECOMPILE_PREFIX_HEADER = YES;
				GCC_PREFIX_HEADER = "Demo/Demo-Prefix.pch";
				GCC_PREPROCESSOR_DEFINITIONS = (
					"DEBUG=1",
					"$(inherited)",
				);
				INFOPLIST_FILE = "Demo/Demo-Info.plist";
				PRODUCT_NAME = "$(TARGET_NAME)";
				WRAPPER_EXTENSION = app;
			};
			name = Debug;
		};
		C95A288F19B137FC00535906 /* Release */ = {
			isa = XCBuildConfiguration;
			buildSettings = {
				ASSETCATALOG_COMPILER_APPICON_NAME = AppIcon;
				ASSETCATALOG_COMPILER_LAUNCHIMAGE_NAME = LaunchImage;
				"CODE_SIGN_IDENTITY[sdk=iphoneos*]" = "iPhone Developer";
				FRAMEWORK_SEARCH_PATHS = (
					"$(inherited)",
					"$(DEVELOPER_FRAMEWORKS_DIR)",
				);
				GCC_PRECOMPILE_PREFIX_HEADER = YES;
				GCC_PREFIX_HEADER = "Demo/Demo-Prefix.pch";
				INFOPLIST_FILE = "Demo/Demo-Info.plist";
				PRODUCT_NAME = "$(TARGET_NAME)";
				WRAPPER_EXTENSION = app;
			};
			name = Release;
		};
		C9A2B3B819AFA66200662321 /* Debug */ = {
			isa = XCBuildConfiguration;
			buildSettings = {
				ALWAYS_SEARCH_USER_PATHS = NO;
				CLANG_CXX_LANGUAGE_STANDARD = "gnu++0x";
				CLANG_CXX_LIBRARY = "libc++";
				CLANG_ENABLE_MODULES = YES;
				CLANG_ENABLE_OBJC_ARC = YES;
				CLANG_WARN_BOOL_CONVERSION = YES;
				CLANG_WARN_CONSTANT_CONVERSION = YES;
				CLANG_WARN_DIRECT_OBJC_ISA_USAGE = YES_ERROR;
				CLANG_WARN_EMPTY_BODY = YES;
				CLANG_WARN_ENUM_CONVERSION = YES;
				CLANG_WARN_INT_CONVERSION = YES;
				CLANG_WARN_OBJC_ROOT_CLASS = YES_ERROR;
				CLANG_WARN__DUPLICATE_METHOD_MATCH = YES;
				COPY_PHASE_STRIP = NO;
				GCC_C_LANGUAGE_STANDARD = gnu99;
				GCC_DYNAMIC_NO_PIC = NO;
				GCC_OPTIMIZATION_LEVEL = 0;
				GCC_PREPROCESSOR_DEFINITIONS = (
					"DEBUG=1",
					"$(inherited)",
				);
				GCC_SYMBOLS_PRIVATE_EXTERN = NO;
				GCC_WARN_64_TO_32_BIT_CONVERSION = YES;
				GCC_WARN_ABOUT_RETURN_TYPE = YES_ERROR;
				GCC_WARN_UNDECLARED_SELECTOR = YES;
				GCC_WARN_UNINITIALIZED_AUTOS = YES_AGGRESSIVE;
				GCC_WARN_UNUSED_FUNCTION = YES;
				GCC_WARN_UNUSED_VARIABLE = YES;
				IPHONEOS_DEPLOYMENT_TARGET = 7.1;
				ONLY_ACTIVE_ARCH = YES;
				PUBLIC_HEADERS_FOLDER_PATH = "";
				SDKROOT = iphoneos;
			};
			name = Debug;
		};
		C9A2B3B919AFA66200662321 /* Release */ = {
			isa = XCBuildConfiguration;
			buildSettings = {
				ALWAYS_SEARCH_USER_PATHS = NO;
				CLANG_CXX_LANGUAGE_STANDARD = "gnu++0x";
				CLANG_CXX_LIBRARY = "libc++";
				CLANG_ENABLE_MODULES = YES;
				CLANG_ENABLE_OBJC_ARC = YES;
				CLANG_WARN_BOOL_CONVERSION = YES;
				CLANG_WARN_CONSTANT_CONVERSION = YES;
				CLANG_WARN_DIRECT_OBJC_ISA_USAGE = YES_ERROR;
				CLANG_WARN_EMPTY_BODY = YES;
				CLANG_WARN_ENUM_CONVERSION = YES;
				CLANG_WARN_INT_CONVERSION = YES;
				CLANG_WARN_OBJC_ROOT_CLASS = YES_ERROR;
				CLANG_WARN__DUPLICATE_METHOD_MATCH = YES;
				COPY_PHASE_STRIP = YES;
				ENABLE_NS_ASSERTIONS = NO;
				GCC_C_LANGUAGE_STANDARD = gnu99;
				GCC_WARN_64_TO_32_BIT_CONVERSION = YES;
				GCC_WARN_ABOUT_RETURN_TYPE = YES_ERROR;
				GCC_WARN_UNDECLARED_SELECTOR = YES;
				GCC_WARN_UNINITIALIZED_AUTOS = YES_AGGRESSIVE;
				GCC_WARN_UNUSED_FUNCTION = YES;
				GCC_WARN_UNUSED_VARIABLE = YES;
				IPHONEOS_DEPLOYMENT_TARGET = 7.1;
				PUBLIC_HEADERS_FOLDER_PATH = "";
				SDKROOT = iphoneos;
				VALIDATE_PRODUCT = YES;
			};
			name = Release;
		};
		C9A2B41919AFAD0100662321 /* Debug */ = {
			isa = XCBuildConfiguration;
			buildSettings = {
				"CODE_SIGN_IDENTITY[sdk=iphoneos*]" = "iPhone Developer";
				FRAMEWORK_SEARCH_PATHS = (
					"$(inherited)",
					"$(DEVELOPER_FRAMEWORKS_DIR)",
					"$(PROJECT_DIR)/Specs/Frameworks",
				);
				GCC_PRECOMPILE_PREFIX_HEADER = YES;
				GCC_PREFIX_HEADER = "Specs/Specs-Prefix.pch";
				GCC_PREPROCESSOR_DEFINITIONS = (
					"DEBUG=1",
					"$(inherited)",
				);
				INFOPLIST_FILE = "Specs/Specs-Info.plist";
				LIBRARY_SEARCH_PATHS = "$(BUILT_PRODUCTS_DIR)";
				OTHER_LDFLAGS = (
					"$(inherited)",
					"-ObjC",
					"-all_load",
					"-lstdc++",
				);
				PRODUCT_NAME = "$(TARGET_NAME)";
				WRAPPER_EXTENSION = app;
			};
			name = Debug;
		};
		C9A2B41A19AFAD0100662321 /* Release */ = {
			isa = XCBuildConfiguration;
			buildSettings = {
				"CODE_SIGN_IDENTITY[sdk=iphoneos*]" = "iPhone Developer";
				FRAMEWORK_SEARCH_PATHS = (
					"$(inherited)",
					"$(DEVELOPER_FRAMEWORKS_DIR)",
					"$(PROJECT_DIR)/Specs/Frameworks",
				);
				GCC_PRECOMPILE_PREFIX_HEADER = YES;
				GCC_PREFIX_HEADER = "Specs/Specs-Prefix.pch";
				INFOPLIST_FILE = "Specs/Specs-Info.plist";
				LIBRARY_SEARCH_PATHS = "$(BUILT_PRODUCTS_DIR)";
				OTHER_CFLAGS = "-DNS_BLOCK_ASSERTIONS=1";
				OTHER_LDFLAGS = (
					"$(inherited)",
					"-ObjC",
					"-all_load",
					"-lstdc++",
				);
				PRODUCT_NAME = "$(TARGET_NAME)";
				WRAPPER_EXTENSION = app;
			};
			name = Release;
		};
/* End XCBuildConfiguration section */

/* Begin XCConfigurationList section */
		C95A288D19B137FC00535906 /* Build configuration list for PBXNativeTarget "Demo" */ = {
			isa = XCConfigurationList;
			buildConfigurations = (
				C95A288E19B137FC00535906 /* Debug */,
				C95A288F19B137FC00535906 /* Release */,
			);
			defaultConfigurationIsVisible = 0;
			defaultConfigurationName = Release;
		};
		C9A2B39219AFA66100662321 /* Build configuration list for PBXProject "BugWacker" */ = {
			isa = XCConfigurationList;
			buildConfigurations = (
				C9A2B3B819AFA66200662321 /* Debug */,
				C9A2B3B919AFA66200662321 /* Release */,
			);
			defaultConfigurationIsVisible = 0;
			defaultConfigurationName = Release;
		};
		C9A2B41819AFAD0100662321 /* Build configuration list for PBXNativeTarget "Specs" */ = {
			isa = XCConfigurationList;
			buildConfigurations = (
				C9A2B41919AFAD0100662321 /* Debug */,
				C9A2B41A19AFAD0100662321 /* Release */,
			);
			defaultConfigurationIsVisible = 0;
			defaultConfigurationName = Release;
		};
/* End XCConfigurationList section */
	};
	rootObject = C9A2B38F19AFA66100662321 /* Project object */;
}
